{
    "version": 3,
    "terraform_version": "0.11.7",
    "serial": 9,
    "lineage": "c58e9b94-39b9-03dc-fa63-0691ee2dc812",
    "modules": [
        {
            "path": [
                "root"
            ],
            "outputs": {},
            "resources": {
                "google_compute_firewall.gfs-servers": {
                    "type": "google_compute_firewall",
                    "depends_on": [],
                    "primary": {
                        "id": "gfs-servers",
                        "attributes": {
                            "allow.#": "2",
                            "allow.2250996047.ports.#": "1",
                            "allow.2250996047.ports.0": "0-65535",
                            "allow.2250996047.protocol": "tcp",
                            "allow.884285603.ports.#": "1",
                            "allow.884285603.ports.0": "0-65535",
                            "allow.884285603.protocol": "udp",
                            "deny.#": "0",
                            "description": "",
                            "destination_ranges.#": "0",
                            "direction": "INGRESS",
                            "disabled": "false",
                            "id": "gfs-servers",
                            "name": "gfs-servers",
                            "network": "https://www.googleapis.com/compute/v1/projects/courseur-staging/global/networks/nomad",
                            "priority": "1000",
                            "project": "courseur-staging",
                            "self_link": "https://www.googleapis.com/compute/v1/projects/courseur-staging/global/firewalls/gfs-servers",
                            "source_ranges.#": "0",
                            "source_service_accounts.#": "0",
                            "source_tags.#": "3",
                            "source_tags.2563913003": "gfs-server",
                            "source_tags.4224183643": "consul-clients",
                            "source_tags.516598459": "consul-cluster",
                            "target_service_accounts.#": "0",
                            "target_tags.#": "3",
                            "target_tags.2563913003": "gfs-server",
                            "target_tags.4224183643": "consul-clients",
                            "target_tags.516598459": "consul-cluster"
                        },
                        "meta": {
                            "schema_version": "1"
                        },
                        "tainted": false
                    },
                    "deposed": [],
                    "provider": "provider.google"
                }
            },
            "depends_on": []
        }
    ]
}
