{
    "version": 3,
    "terraform_version": "0.11.7",
    "serial": 50,
    "lineage": "658e83a6-d038-f0b9-14b2-e4305e508da9",
    "modules": [
        {
            "path": [
                "root"
            ],
            "outputs": {},
            "resources": {
                "data.google_compute_network.base": {
                    "type": "google_compute_network",
                    "depends_on": [],
                    "primary": {
                        "id": "nomad",
                        "attributes": {
                            "description": "",
                            "gateway_ipv4": "",
                            "id": "nomad",
                            "name": "nomad",
                            "self_link": "https://www.googleapis.com/compute/v1/projects/courseur-staging/global/networks/nomad",
                            "subnetworks_self_links.#": "2",
                            "subnetworks_self_links.0": "https://www.googleapis.com/compute/v1/projects/courseur-staging/regions/europe-west1/subnetworks/priv",
                            "subnetworks_self_links.1": "https://www.googleapis.com/compute/v1/projects/courseur-staging/regions/europe-west1/subnetworks/pub"
                        },
                        "meta": {},
                        "tainted": false
                    },
                    "deposed": [],
                    "provider": "provider.google"
                },
                "data.template_file.bootstrap": {
                    "type": "template_file",
                    "depends_on": [],
                    "primary": {
                        "id": "30cddda7c920cb750397e867f93b203b0ac47bbe2860e957ba97e2fa1623ee3c",
                        "attributes": {
                            "id": "30cddda7c920cb750397e867f93b203b0ac47bbe2860e957ba97e2fa1623ee3c",
                            "rendered": "#!/bin/bash\n\nset -e\n\nexec \u003e \u003e(tee /var/log/startup-script.log|logger -t startup-script -s 2\u003e/dev/console) 2\u003e\u00261\n\n/opt/consul/bin/run-consul --client --cluster-tag-name \"consul-cluster\"\n\n/opt/traefik/bin/run-traefik --domain \"staging.cloud.courseur.com\"\n",
                            "template": "#!/bin/bash\n\nset -e\n\nexec \u003e \u003e(tee /var/log/startup-script.log|logger -t startup-script -s 2\u003e/dev/console) 2\u003e\u00261\n\n/opt/consul/bin/run-consul --client --cluster-tag-name \"${cluster_tag_name}\"\n\n/opt/traefik/bin/run-traefik --domain \"${domain}\"\n",
                            "vars.%": "2",
                            "vars.cluster_tag_name": "consul-cluster",
                            "vars.domain": "staging.cloud.courseur.com"
                        },
                        "meta": {},
                        "tainted": false
                    },
                    "deposed": [],
                    "provider": "provider.template"
                },
                "data.terraform_remote_state.traefik_ip": {
                    "type": "terraform_remote_state",
                    "depends_on": [],
                    "primary": {
                        "id": "2018-06-27 13:53:46.6088002 +0000 UTC",
                        "attributes": {
                            "backend": "local",
                            "bastion_ip": "104.155.34.230",
                            "config.%": "1",
                            "config.path": "../00-network/terraform.tfstate",
                            "environment": "default",
                            "id": "2018-06-27 13:53:46.6088002 +0000 UTC",
                            "traefik_ip": "35.227.235.209",
                            "workspace": "default"
                        },
                        "meta": {},
                        "tainted": false
                    },
                    "deposed": [],
                    "provider": "provider.terraform"
                },
                "google_compute_backend_service.default": {
                    "type": "google_compute_backend_service",
                    "depends_on": [
                        "google_compute_health_check.autohealing",
                        "google_compute_region_instance_group_manager.traefik-cluster.*"
                    ],
                    "primary": {
                        "id": "treafik-backend",
                        "attributes": {
                            "backend.#": "1",
                            "backend.2303106321.balancing_mode": "RATE",
                            "backend.2303106321.capacity_scaler": "1",
                            "backend.2303106321.description": "",
                            "backend.2303106321.group": "https://www.googleapis.com/compute/beta/projects/courseur-staging/regions/europe-west1/instanceGroups/traefik-cluster",
                            "backend.2303106321.max_connections": "0",
                            "backend.2303106321.max_connections_per_instance": "0",
                            "backend.2303106321.max_rate": "0",
                            "backend.2303106321.max_rate_per_instance": "10",
                            "backend.2303106321.max_utilization": "0.8",
                            "cdn_policy.#": "1",
                            "cdn_policy.0.cache_key_policy.#": "1",
                            "cdn_policy.0.cache_key_policy.0.include_host": "false",
                            "cdn_policy.0.cache_key_policy.0.include_protocol": "false",
                            "cdn_policy.0.cache_key_policy.0.include_query_string": "false",
                            "cdn_policy.0.cache_key_policy.0.query_string_blacklist.#": "0",
                            "cdn_policy.0.cache_key_policy.0.query_string_whitelist.#": "0",
                            "connection_draining_timeout_sec": "300",
                            "custom_request_headers.#": "0",
                            "description": "",
                            "enable_cdn": "false",
                            "fingerprint": "GYCScxssmp0=",
                            "health_checks.#": "1",
                            "health_checks.2396953384": "https://www.googleapis.com/compute/beta/projects/courseur-staging/global/healthChecks/traefik-check",
                            "iap.#": "0",
                            "id": "treafik-backend",
                            "name": "treafik-backend",
                            "port_name": "http",
                            "project": "courseur-staging",
                            "protocol": "HTTP",
                            "security_policy": "",
                            "self_link": "https://www.googleapis.com/compute/v1/projects/courseur-staging/global/backendServices/treafik-backend",
                            "session_affinity": "NONE",
                            "timeout_sec": "30"
                        },
                        "meta": {
                            "schema_version": "1"
                        },
                        "tainted": false
                    },
                    "deposed": [],
                    "provider": "provider.google"
                },
                "google_compute_global_forwarding_rule.default": {
                    "type": "google_compute_global_forwarding_rule",
                    "depends_on": [
                        "data.terraform_remote_state.traefik_ip",
                        "google_compute_target_http_proxy.default"
                    ],
                    "primary": {
                        "id": "http",
                        "attributes": {
                            "description": "",
                            "id": "http",
                            "ip_address": "35.227.235.209",
                            "ip_protocol": "TCP",
                            "ip_version": "",
                            "label_fingerprint": "42WmSpB8rSM=",
                            "labels.%": "0",
                            "name": "http",
                            "port_range": "80-80",
                            "project": "courseur-staging",
                            "self_link": "https://www.googleapis.com/compute/v1/projects/courseur-staging/global/forwardingRules/http",
                            "target": "https://www.googleapis.com/compute/beta/projects/courseur-staging/global/targetHttpProxies/traefik-proxy"
                        },
                        "meta": {},
                        "tainted": false
                    },
                    "deposed": [],
                    "provider": "provider.google"
                },
                "google_compute_health_check.autohealing": {
                    "type": "google_compute_health_check",
                    "depends_on": [],
                    "primary": {
                        "id": "traefik-check",
                        "attributes": {
                            "check_interval_sec": "10",
                            "description": "",
                            "healthy_threshold": "3",
                            "http_health_check.#": "0",
                            "https_health_check.#": "0",
                            "id": "traefik-check",
                            "name": "traefik-check",
                            "project": "courseur-staging",
                            "self_link": "https://www.googleapis.com/compute/v1/projects/courseur-staging/global/healthChecks/traefik-check",
                            "ssl_health_check.#": "0",
                            "tcp_health_check.#": "1",
                            "tcp_health_check.0.port": "80",
                            "tcp_health_check.0.proxy_header": "NONE",
                            "tcp_health_check.0.request": "",
                            "tcp_health_check.0.response": "",
                            "timeout_sec": "10",
                            "unhealthy_threshold": "3"
                        },
                        "meta": {},
                        "tainted": false
                    },
                    "deposed": [],
                    "provider": "provider.google"
                },
                "google_compute_instance_template.traefik": {
                    "type": "google_compute_instance_template",
                    "depends_on": [
                        "data.template_file.bootstrap"
                    ],
                    "primary": {
                        "id": "traefik-template",
                        "attributes": {
                            "can_ip_forward": "false",
                            "description": "",
                            "disk.#": "1",
                            "disk.0.auto_delete": "true",
                            "disk.0.boot": "true",
                            "disk.0.device_name": "persistent-disk-0",
                            "disk.0.disk_name": "",
                            "disk.0.disk_size_gb": "0",
                            "disk.0.disk_type": "pd-standard",
                            "disk.0.interface": "SCSI",
                            "disk.0.mode": "READ_WRITE",
                            "disk.0.source": "",
                            "disk.0.source_image": "hashistack-courseur-v4",
                            "disk.0.type": "PERSISTENT",
                            "id": "traefik-template",
                            "instance_description": "",
                            "machine_type": "f1-micro",
                            "metadata.%": "0",
                            "metadata_fingerprint": "YltalajYqQQ=",
                            "metadata_startup_script": "#!/bin/bash\n\nset -e\n\nexec \u003e \u003e(tee /var/log/startup-script.log|logger -t startup-script -s 2\u003e/dev/console) 2\u003e\u00261\n\n/opt/consul/bin/run-consul --client --cluster-tag-name \"consul-cluster\"\n\n/opt/traefik/bin/run-traefik --domain \"staging.cloud.courseur.com\"\n",
                            "min_cpu_platform": "",
                            "name": "traefik-template",
                            "network_interface.#": "1",
                            "network_interface.0.access_config.#": "1",
                            "network_interface.0.access_config.0.assigned_nat_ip": "",
                            "network_interface.0.access_config.0.nat_ip": "",
                            "network_interface.0.access_config.0.network_tier": "PREMIUM",
                            "network_interface.0.address": "",
                            "network_interface.0.alias_ip_range.#": "0",
                            "network_interface.0.network": "https://www.googleapis.com/compute/beta/projects/courseur-staging/global/networks/nomad",
                            "network_interface.0.network_ip": "",
                            "network_interface.0.subnetwork": "https://www.googleapis.com/compute/beta/projects/courseur-staging/regions/europe-west1/subnetworks/pub",
                            "network_interface.0.subnetwork_project": "courseur-staging",
                            "project": "courseur-staging",
                            "region": "europe-west1",
                            "scheduling.#": "1",
                            "scheduling.0.automatic_restart": "true",
                            "scheduling.0.on_host_maintenance": "MIGRATE",
                            "scheduling.0.preemptible": "false",
                            "self_link": "https://www.googleapis.com/compute/beta/projects/courseur-staging/global/instanceTemplates/traefik-template",
                            "service_account.#": "1",
                            "service_account.0.email": "courseur-staging@courseur-staging.iam.gserviceaccount.com",
                            "service_account.0.scopes.#": "3",
                            "service_account.0.scopes.1632638332": "https://www.googleapis.com/auth/devstorage.read_only",
                            "service_account.0.scopes.2428168921": "https://www.googleapis.com/auth/userinfo.email",
                            "service_account.0.scopes.2862113455": "https://www.googleapis.com/auth/compute.readonly",
                            "tags.#": "3",
                            "tags.1225654764": "traefik",
                            "tags.2986459843": "consul-traefik",
                            "tags.516598459": "consul-cluster",
                            "tags_fingerprint": ""
                        },
                        "meta": {
                            "schema_version": "1"
                        },
                        "tainted": false
                    },
                    "deposed": [],
                    "provider": "provider.google"
                },
                "google_compute_region_autoscaler.traefik": {
                    "type": "google_compute_region_autoscaler",
                    "depends_on": [
                        "google_compute_region_instance_group_manager.traefik-cluster.*"
                    ],
                    "primary": {
                        "id": "traefik-scaler",
                        "attributes": {
                            "autoscaling_policy.#": "1",
                            "autoscaling_policy.0.cooldown_period": "60",
                            "autoscaling_policy.0.cpu_utilization.#": "0",
                            "autoscaling_policy.0.load_balancing_utilization.#": "1",
                            "autoscaling_policy.0.load_balancing_utilization.0.target": "0.8",
                            "autoscaling_policy.0.max_replicas": "3",
                            "autoscaling_policy.0.metric.#": "0",
                            "autoscaling_policy.0.min_replicas": "1",
                            "description": "",
                            "id": "traefik-scaler",
                            "name": "traefik-scaler",
                            "project": "courseur-staging",
                            "region": "europe-west1",
                            "self_link": "https://www.googleapis.com/compute/v1/projects/courseur-staging/regions/europe-west1/autoscalers/traefik-scaler",
                            "target": "https://www.googleapis.com/compute/v1/projects/courseur-staging/regions/europe-west1/instanceGroupManagers/traefik-cluster"
                        },
                        "meta": {},
                        "tainted": false
                    },
                    "deposed": [],
                    "provider": "provider.google"
                },
                "google_compute_region_instance_group_manager.traefik-cluster": {
                    "type": "google_compute_region_instance_group_manager",
                    "depends_on": [
                        "google_compute_health_check.autohealing",
                        "google_compute_instance_template.traefik"
                    ],
                    "primary": {
                        "id": "traefik-cluster",
                        "attributes": {
                            "auto_healing_policies.#": "1",
                            "auto_healing_policies.0.health_check": "https://www.googleapis.com/compute/beta/projects/courseur-staging/global/healthChecks/traefik-check",
                            "auto_healing_policies.0.initial_delay_sec": "300",
                            "base_instance_name": "traefik-instance",
                            "description": "",
                            "distribution_policy_zones.#": "3",
                            "distribution_policy_zones.2053838033": "https://www.googleapis.com/compute/beta/projects/courseur-staging/zones/europe-west1-b",
                            "distribution_policy_zones.225190983": "https://www.googleapis.com/compute/beta/projects/courseur-staging/zones/europe-west1-c",
                            "distribution_policy_zones.2466820580": "https://www.googleapis.com/compute/beta/projects/courseur-staging/zones/europe-west1-d",
                            "fingerprint": "9n6CuJDOqDg=",
                            "id": "traefik-cluster",
                            "instance_group": "https://www.googleapis.com/compute/v1/projects/courseur-staging/regions/europe-west1/instanceGroups/traefik-cluster",
                            "instance_template": "https://www.googleapis.com/compute/beta/projects/courseur-staging/global/instanceTemplates/traefik-template",
                            "name": "traefik-cluster",
                            "named_port.#": "1",
                            "named_port.0.name": "http",
                            "named_port.0.port": "80",
                            "project": "courseur-staging",
                            "region": "europe-west1",
                            "self_link": "https://www.googleapis.com/compute/v1/projects/courseur-staging/regions/europe-west1/instanceGroupManagers/traefik-cluster",
                            "target_pools.#": "0",
                            "target_size": "0",
                            "update_strategy": "NONE",
                            "wait_for_instances": "false"
                        },
                        "meta": {
                            "e2bfb730-ecaa-11e6-8f88-34363bc7c4c0": {
                                "create": 300000000000,
                                "delete": 900000000000,
                                "update": 300000000000
                            }
                        },
                        "tainted": false
                    },
                    "deposed": [],
                    "provider": "provider.google"
                },
                "google_compute_target_http_proxy.default": {
                    "type": "google_compute_target_http_proxy",
                    "depends_on": [
                        "google_compute_url_map.default"
                    ],
                    "primary": {
                        "id": "traefik-proxy",
                        "attributes": {
                            "creation_timestamp": "2018-06-27T06:55:54.869-07:00",
                            "description": "",
                            "id": "traefik-proxy",
                            "name": "traefik-proxy",
                            "project": "courseur-staging",
                            "proxy_id": "6987409479228598661",
                            "self_link": "https://www.googleapis.com/compute/v1/projects/courseur-staging/global/targetHttpProxies/traefik-proxy",
                            "url_map": "https://www.googleapis.com/compute/v1/projects/courseur-staging/global/urlMaps/traefik-map"
                        },
                        "meta": {
                            "e2bfb730-ecaa-11e6-8f88-34363bc7c4c0": {
                                "create": 240000000000,
                                "delete": 240000000000,
                                "update": 240000000000
                            }
                        },
                        "tainted": false
                    },
                    "deposed": [],
                    "provider": "provider.google"
                },
                "google_compute_url_map.default": {
                    "type": "google_compute_url_map",
                    "depends_on": [
                        "google_compute_backend_service.default"
                    ],
                    "primary": {
                        "id": "traefik-map",
                        "attributes": {
                            "default_service": "https://www.googleapis.com/compute/v1/projects/courseur-staging/global/backendServices/treafik-backend",
                            "fingerprint": "gdLwjOr0PTc=",
                            "host_rule.#": "0",
                            "id": "traefik-map",
                            "map_id": "8713098459401300400",
                            "name": "traefik-map",
                            "path_matcher.#": "0",
                            "project": "courseur-staging",
                            "self_link": "https://www.googleapis.com/compute/v1/projects/courseur-staging/global/urlMaps/traefik-map",
                            "test.#": "0"
                        },
                        "meta": {},
                        "tainted": false
                    },
                    "deposed": [],
                    "provider": "provider.google"
                }
            },
            "depends_on": []
        }
    ]
}
