{
    "version": 3,
    "terraform_version": "0.11.7",
    "serial": 2,
    "lineage": "c90e9b59-edf5-de45-9c19-f43697cf03a5",
    "modules": [
        {
            "path": [
                "root"
            ],
            "outputs": {},
            "resources": {
                "data.google_compute_network.base": {
                    "type": "google_compute_network",
                    "depends_on": [],
                    "primary": {
                        "id": "default",
                        "attributes": {
                            "description": "Default network for the project",
                            "gateway_ipv4": "",
                            "id": "default",
                            "name": "default",
                            "self_link": "https://www.googleapis.com/compute/v1/projects/courseur-staging/global/networks/default",
                            "subnetworks_self_links.#": "16",
                            "subnetworks_self_links.0": "https://www.googleapis.com/compute/v1/projects/courseur-staging/regions/australia-southeast1/subnetworks/default",
                            "subnetworks_self_links.1": "https://www.googleapis.com/compute/v1/projects/courseur-staging/regions/southamerica-east1/subnetworks/default",
                            "subnetworks_self_links.10": "https://www.googleapis.com/compute/v1/projects/courseur-staging/regions/europe-west1/subnetworks/default",
                            "subnetworks_self_links.11": "https://www.googleapis.com/compute/v1/projects/courseur-staging/regions/us-west1/subnetworks/default",
                            "subnetworks_self_links.12": "https://www.googleapis.com/compute/v1/projects/courseur-staging/regions/europe-north1/subnetworks/default",
                            "subnetworks_self_links.13": "https://www.googleapis.com/compute/v1/projects/courseur-staging/regions/us-central1/subnetworks/default",
                            "subnetworks_self_links.14": "https://www.googleapis.com/compute/v1/projects/courseur-staging/regions/asia-south1/subnetworks/default",
                            "subnetworks_self_links.15": "https://www.googleapis.com/compute/v1/projects/courseur-staging/regions/europe-west3/subnetworks/default",
                            "subnetworks_self_links.2": "https://www.googleapis.com/compute/v1/projects/courseur-staging/regions/asia-southeast1/subnetworks/default",
                            "subnetworks_self_links.3": "https://www.googleapis.com/compute/v1/projects/courseur-staging/regions/asia-east1/subnetworks/default",
                            "subnetworks_self_links.4": "https://www.googleapis.com/compute/v1/projects/courseur-staging/regions/asia-northeast1/subnetworks/default",
                            "subnetworks_self_links.5": "https://www.googleapis.com/compute/v1/projects/courseur-staging/regions/us-east4/subnetworks/default",
                            "subnetworks_self_links.6": "https://www.googleapis.com/compute/v1/projects/courseur-staging/regions/europe-west2/subnetworks/default",
                            "subnetworks_self_links.7": "https://www.googleapis.com/compute/v1/projects/courseur-staging/regions/us-east1/subnetworks/default",
                            "subnetworks_self_links.8": "https://www.googleapis.com/compute/v1/projects/courseur-staging/regions/northamerica-northeast1/subnetworks/default",
                            "subnetworks_self_links.9": "https://www.googleapis.com/compute/v1/projects/courseur-staging/regions/europe-west4/subnetworks/default"
                        },
                        "meta": {},
                        "tainted": false
                    },
                    "deposed": [],
                    "provider": "provider.google"
                },
                "data.template_file.bootstrap": {
                    "type": "template_file",
                    "depends_on": [],
                    "primary": {
                        "id": "2507bd8938cd7776ef5c6d2148c851573f2063baf792b41fa7d626f36b818a9e",
                        "attributes": {
                            "id": "2507bd8938cd7776ef5c6d2148c851573f2063baf792b41fa7d626f36b818a9e",
                            "rendered": "#!/bin/bash\n\nset -e\n\nexec \u003e \u003e(tee /var/log/startup-script.log|logger -t startup-script -s 2\u003e/dev/console) 2\u003e\u00261\n\n/opt/consul/bin/run-consul --client --cluster-tag-name \"consul-cluster\"\n\n/opt/traefik/bin/run-traefik --domain cloud.courseur.com\n",
                            "template": "#!/bin/bash\n\nset -e\n\nexec \u003e \u003e(tee /var/log/startup-script.log|logger -t startup-script -s 2\u003e/dev/console) 2\u003e\u00261\n\n/opt/consul/bin/run-consul --client --cluster-tag-name \"${cluster_tag_name}\"\n\n/opt/traefik/bin/run-traefik --domain ${domain}\n",
                            "vars.%": "2",
                            "vars.cluster_tag_name": "consul-cluster",
                            "vars.domain": "cloud.courseur.com"
                        },
                        "meta": {},
                        "tainted": false
                    },
                    "deposed": [],
                    "provider": "provider.template"
                },
                "google_compute_backend_service.default": {
                    "type": "google_compute_backend_service",
                    "depends_on": [
                        "google_compute_health_check.autohealing",
                        "google_compute_region_instance_group_manager.http-simple.*"
                    ],
                    "primary": {
                        "id": "gcp-from-scratch-default-backend",
                        "attributes": {
                            "backend.#": "1",
                            "backend.3785016807.balancing_mode": "RATE",
                            "backend.3785016807.capacity_scaler": "1",
                            "backend.3785016807.description": "",
                            "backend.3785016807.group": "https://www.googleapis.com/compute/beta/projects/courseur-staging/regions/europe-west1/instanceGroups/gcp-onboard-http-simple",
                            "backend.3785016807.max_connections": "0",
                            "backend.3785016807.max_connections_per_instance": "0",
                            "backend.3785016807.max_rate": "0",
                            "backend.3785016807.max_rate_per_instance": "10",
                            "backend.3785016807.max_utilization": "0.8",
                            "cdn_policy.#": "1",
                            "cdn_policy.0.cache_key_policy.#": "1",
                            "cdn_policy.0.cache_key_policy.0.include_host": "false",
                            "cdn_policy.0.cache_key_policy.0.include_protocol": "false",
                            "cdn_policy.0.cache_key_policy.0.include_query_string": "false",
                            "cdn_policy.0.cache_key_policy.0.query_string_blacklist.#": "0",
                            "cdn_policy.0.cache_key_policy.0.query_string_whitelist.#": "0",
                            "connection_draining_timeout_sec": "300",
                            "custom_request_headers.#": "0",
                            "description": "",
                            "enable_cdn": "false",
                            "fingerprint": "7z8DntLKGPM=",
                            "health_checks.#": "1",
                            "health_checks.1962158696": "https://www.googleapis.com/compute/beta/projects/courseur-staging/global/healthChecks/autohealing-health-check",
                            "iap.#": "0",
                            "id": "gcp-from-scratch-default-backend",
                            "name": "gcp-from-scratch-default-backend",
                            "port_name": "http",
                            "project": "courseur-staging",
                            "protocol": "HTTP",
                            "security_policy": "",
                            "self_link": "https://www.googleapis.com/compute/v1/projects/courseur-staging/global/backendServices/gcp-from-scratch-default-backend",
                            "session_affinity": "NONE",
                            "timeout_sec": "30"
                        },
                        "meta": {
                            "schema_version": "1"
                        },
                        "tainted": false
                    },
                    "deposed": [],
                    "provider": "provider.google"
                },
                "google_compute_firewall.http": {
                    "type": "google_compute_firewall",
                    "depends_on": [
                        "data.google_compute_network.base"
                    ],
                    "primary": {
                        "id": "allow-http",
                        "attributes": {
                            "allow.#": "1",
                            "allow.272637744.ports.#": "1",
                            "allow.272637744.ports.0": "80",
                            "allow.272637744.protocol": "tcp",
                            "deny.#": "0",
                            "description": "",
                            "destination_ranges.#": "0",
                            "direction": "INGRESS",
                            "disabled": "false",
                            "id": "allow-http",
                            "name": "allow-http",
                            "network": "https://www.googleapis.com/compute/v1/projects/courseur-staging/global/networks/default",
                            "priority": "1000",
                            "project": "courseur-staging",
                            "self_link": "https://www.googleapis.com/compute/v1/projects/courseur-staging/global/firewalls/allow-http",
                            "source_ranges.#": "1",
                            "source_ranges.1080289494": "0.0.0.0/0",
                            "source_service_accounts.#": "0",
                            "source_tags.#": "0",
                            "target_service_accounts.#": "0",
                            "target_tags.#": "1",
                            "target_tags.2541227442": "http"
                        },
                        "meta": {
                            "schema_version": "1"
                        },
                        "tainted": false
                    },
                    "deposed": [],
                    "provider": "provider.google"
                },
                "google_compute_global_address.default": {
                    "type": "google_compute_global_address",
                    "depends_on": [],
                    "primary": {
                        "id": "gcp-from-scratch",
                        "attributes": {
                            "address": "35.227.235.209",
                            "creation_timestamp": "2018-06-15T16:22:54.848-07:00",
                            "description": "",
                            "id": "gcp-from-scratch",
                            "ip_version": "",
                            "name": "gcp-from-scratch",
                            "project": "courseur-staging",
                            "self_link": "https://www.googleapis.com/compute/v1/projects/courseur-staging/global/addresses/gcp-from-scratch"
                        },
                        "meta": {
                            "e2bfb730-ecaa-11e6-8f88-34363bc7c4c0": {
                                "create": 240000000000,
                                "delete": 240000000000
                            }
                        },
                        "tainted": false
                    },
                    "deposed": [],
                    "provider": "provider.google"
                },
                "google_compute_global_forwarding_rule.default": {
                    "type": "google_compute_global_forwarding_rule",
                    "depends_on": [
                        "google_compute_global_address.default",
                        "google_compute_target_http_proxy.default"
                    ],
                    "primary": {
                        "id": "default-rule",
                        "attributes": {
                            "description": "",
                            "id": "default-rule",
                            "ip_address": "35.227.235.209",
                            "ip_protocol": "TCP",
                            "ip_version": "",
                            "label_fingerprint": "42WmSpB8rSM=",
                            "labels.%": "0",
                            "name": "default-rule",
                            "port_range": "80-80",
                            "project": "courseur-staging",
                            "self_link": "https://www.googleapis.com/compute/v1/projects/courseur-staging/global/forwardingRules/default-rule",
                            "target": "https://www.googleapis.com/compute/beta/projects/courseur-staging/global/targetHttpProxies/gcp-from-scratch-lb"
                        },
                        "meta": {},
                        "tainted": false
                    },
                    "deposed": [],
                    "provider": "provider.google"
                },
                "google_compute_health_check.autohealing": {
                    "type": "google_compute_health_check",
                    "depends_on": [],
                    "primary": {
                        "id": "autohealing-health-check",
                        "attributes": {
                            "check_interval_sec": "10",
                            "description": "",
                            "healthy_threshold": "3",
                            "http_health_check.#": "1",
                            "http_health_check.0.host": "",
                            "http_health_check.0.port": "80",
                            "http_health_check.0.proxy_header": "NONE",
                            "http_health_check.0.request_path": "/",
                            "https_health_check.#": "0",
                            "id": "autohealing-health-check",
                            "name": "autohealing-health-check",
                            "project": "courseur-staging",
                            "self_link": "https://www.googleapis.com/compute/v1/projects/courseur-staging/global/healthChecks/autohealing-health-check",
                            "ssl_health_check.#": "0",
                            "tcp_health_check.#": "0",
                            "timeout_sec": "10",
                            "unhealthy_threshold": "3"
                        },
                        "meta": {},
                        "tainted": false
                    },
                    "deposed": [],
                    "provider": "provider.google"
                },
                "google_compute_instance_template.http-simple": {
                    "type": "google_compute_instance_template",
                    "depends_on": [
                        "data.template_file.bootstrap"
                    ],
                    "primary": {
                        "id": "traefik-instance",
                        "attributes": {
                            "can_ip_forward": "false",
                            "description": "",
                            "disk.#": "1",
                            "disk.0.auto_delete": "true",
                            "disk.0.boot": "true",
                            "disk.0.device_name": "persistent-disk-0",
                            "disk.0.disk_name": "",
                            "disk.0.disk_size_gb": "0",
                            "disk.0.disk_type": "pd-standard",
                            "disk.0.interface": "SCSI",
                            "disk.0.mode": "READ_WRITE",
                            "disk.0.source": "",
                            "disk.0.source_image": "hashistack-courseur",
                            "disk.0.type": "PERSISTENT",
                            "id": "traefik-instance",
                            "instance_description": "",
                            "labels.%": "1",
                            "labels.environment": "staging",
                            "machine_type": "f1-micro",
                            "metadata.%": "0",
                            "metadata_fingerprint": "Y9HedIphvJ8=",
                            "metadata_startup_script": "#!/bin/bash\n\nset -e\n\nexec \u003e \u003e(tee /var/log/startup-script.log|logger -t startup-script -s 2\u003e/dev/console) 2\u003e\u00261\n\n/opt/consul/bin/run-consul --client --cluster-tag-name \"consul-cluster\"\n\n/opt/traefik/bin/run-traefik --domain cloud.courseur.com\n",
                            "min_cpu_platform": "",
                            "name": "traefik-instance",
                            "network_interface.#": "1",
                            "network_interface.0.access_config.#": "1",
                            "network_interface.0.access_config.0.assigned_nat_ip": "",
                            "network_interface.0.access_config.0.nat_ip": "",
                            "network_interface.0.access_config.0.network_tier": "PREMIUM",
                            "network_interface.0.address": "",
                            "network_interface.0.alias_ip_range.#": "0",
                            "network_interface.0.network": "https://www.googleapis.com/compute/beta/projects/courseur-staging/global/networks/nomad",
                            "network_interface.0.network_ip": "",
                            "network_interface.0.subnetwork": "https://www.googleapis.com/compute/beta/projects/courseur-staging/regions/europe-west1/subnetworks/pub",
                            "network_interface.0.subnetwork_project": "courseur-staging",
                            "project": "courseur-staging",
                            "region": "europe-west1",
                            "scheduling.#": "1",
                            "scheduling.0.automatic_restart": "true",
                            "scheduling.0.on_host_maintenance": "MIGRATE",
                            "scheduling.0.preemptible": "false",
                            "self_link": "https://www.googleapis.com/compute/beta/projects/courseur-staging/global/instanceTemplates/traefik-instance",
                            "service_account.#": "1",
                            "service_account.0.email": "courseur-staging@courseur-staging.iam.gserviceaccount.com",
                            "service_account.0.scopes.#": "3",
                            "service_account.0.scopes.1632638332": "https://www.googleapis.com/auth/devstorage.read_only",
                            "service_account.0.scopes.2428168921": "https://www.googleapis.com/auth/userinfo.email",
                            "service_account.0.scopes.2862113455": "https://www.googleapis.com/auth/compute.readonly",
                            "tags.#": "3",
                            "tags.1225654764": "traefik",
                            "tags.2986459843": "consul-traefik",
                            "tags.516598459": "consul-cluster",
                            "tags_fingerprint": ""
                        },
                        "meta": {
                            "schema_version": "1"
                        },
                        "tainted": false
                    },
                    "deposed": [],
                    "provider": "provider.google"
                },
                "google_compute_region_autoscaler.http-simple": {
                    "type": "google_compute_region_autoscaler",
                    "depends_on": [
                        "google_compute_region_instance_group_manager.http-simple.*"
                    ],
                    "primary": {
                        "id": "http-simple",
                        "attributes": {
                            "autoscaling_policy.#": "1",
                            "autoscaling_policy.0.cooldown_period": "60",
                            "autoscaling_policy.0.cpu_utilization.#": "0",
                            "autoscaling_policy.0.load_balancing_utilization.#": "1",
                            "autoscaling_policy.0.load_balancing_utilization.0.target": "0.8",
                            "autoscaling_policy.0.max_replicas": "3",
                            "autoscaling_policy.0.metric.#": "0",
                            "autoscaling_policy.0.min_replicas": "1",
                            "description": "",
                            "id": "http-simple",
                            "name": "http-simple",
                            "project": "courseur-staging",
                            "region": "europe-west1",
                            "self_link": "https://www.googleapis.com/compute/v1/projects/courseur-staging/regions/europe-west1/autoscalers/http-simple",
                            "target": "https://www.googleapis.com/compute/v1/projects/courseur-staging/regions/europe-west1/instanceGroupManagers/gcp-onboard-http-simple"
                        },
                        "meta": {},
                        "tainted": false
                    },
                    "deposed": [],
                    "provider": "provider.google"
                },
                "google_compute_region_instance_group_manager.http-simple": {
                    "type": "google_compute_region_instance_group_manager",
                    "depends_on": [
                        "google_compute_health_check.autohealing",
                        "google_compute_instance_template.http-simple"
                    ],
                    "primary": {
                        "id": "gcp-onboard-http-simple",
                        "attributes": {
                            "auto_healing_policies.#": "1",
                            "auto_healing_policies.0.health_check": "https://www.googleapis.com/compute/beta/projects/courseur-staging/global/healthChecks/autohealing-health-check",
                            "auto_healing_policies.0.initial_delay_sec": "300",
                            "base_instance_name": "gcp-onboard-http-simple",
                            "description": "",
                            "distribution_policy_zones.#": "3",
                            "distribution_policy_zones.2053838033": "https://www.googleapis.com/compute/beta/projects/courseur-staging/zones/europe-west1-b",
                            "distribution_policy_zones.225190983": "https://www.googleapis.com/compute/beta/projects/courseur-staging/zones/europe-west1-c",
                            "distribution_policy_zones.2466820580": "https://www.googleapis.com/compute/beta/projects/courseur-staging/zones/europe-west1-d",
                            "fingerprint": "waTQhC83vCc=",
                            "id": "gcp-onboard-http-simple",
                            "instance_group": "https://www.googleapis.com/compute/v1/projects/courseur-staging/regions/europe-west1/instanceGroups/gcp-onboard-http-simple",
                            "instance_template": "https://www.googleapis.com/compute/beta/projects/courseur-staging/global/instanceTemplates/traefik-instance",
                            "name": "gcp-onboard-http-simple",
                            "named_port.#": "1",
                            "named_port.0.name": "http",
                            "named_port.0.port": "80",
                            "project": "courseur-staging",
                            "region": "europe-west1",
                            "self_link": "https://www.googleapis.com/compute/v1/projects/courseur-staging/regions/europe-west1/instanceGroupManagers/gcp-onboard-http-simple",
                            "target_pools.#": "0",
                            "target_size": "0",
                            "update_strategy": "NONE",
                            "wait_for_instances": "false"
                        },
                        "meta": {
                            "e2bfb730-ecaa-11e6-8f88-34363bc7c4c0": {
                                "create": 300000000000,
                                "delete": 900000000000,
                                "update": 300000000000
                            }
                        },
                        "tainted": false
                    },
                    "deposed": [],
                    "provider": "provider.google"
                },
                "google_compute_target_http_proxy.default": {
                    "type": "google_compute_target_http_proxy",
                    "depends_on": [
                        "google_compute_url_map.default"
                    ],
                    "primary": {
                        "id": "gcp-from-scratch-lb",
                        "attributes": {
                            "creation_timestamp": "2018-06-15T16:23:44.591-07:00",
                            "description": "",
                            "id": "gcp-from-scratch-lb",
                            "name": "gcp-from-scratch-lb",
                            "project": "courseur-staging",
                            "proxy_id": "8441946698578261103",
                            "self_link": "https://www.googleapis.com/compute/v1/projects/courseur-staging/global/targetHttpProxies/gcp-from-scratch-lb",
                            "url_map": "https://www.googleapis.com/compute/v1/projects/courseur-staging/global/urlMaps/gcp-from-scratch-lb"
                        },
                        "meta": {
                            "e2bfb730-ecaa-11e6-8f88-34363bc7c4c0": {
                                "create": 240000000000,
                                "delete": 240000000000,
                                "update": 240000000000
                            }
                        },
                        "tainted": false
                    },
                    "deposed": [],
                    "provider": "provider.google"
                },
                "google_compute_url_map.default": {
                    "type": "google_compute_url_map",
                    "depends_on": [
                        "google_compute_backend_service.default"
                    ],
                    "primary": {
                        "id": "gcp-from-scratch-lb",
                        "attributes": {
                            "default_service": "https://www.googleapis.com/compute/v1/projects/courseur-staging/global/backendServices/gcp-from-scratch-default-backend",
                            "fingerprint": "FL2ri2FAbNg=",
                            "host_rule.#": "0",
                            "id": "gcp-from-scratch-lb",
                            "map_id": "3588575551780680859",
                            "name": "gcp-from-scratch-lb",
                            "path_matcher.#": "0",
                            "project": "courseur-staging",
                            "self_link": "https://www.googleapis.com/compute/v1/projects/courseur-staging/global/urlMaps/gcp-from-scratch-lb",
                            "test.#": "0"
                        },
                        "meta": {},
                        "tainted": false
                    },
                    "deposed": [],
                    "provider": "provider.google"
                }
            },
            "depends_on": []
        }
    ]
}
