{
    "version": 3,
    "terraform_version": "0.11.7",
    "serial": 2,
    "lineage": "ec2da1fb-15da-37b5-85cd-269e73783b16",
    "modules": [
        {
            "path": [
                "root"
            ],
            "outputs": {},
            "resources": {
                "google_compute_firewall.consul-clients": {
                    "type": "google_compute_firewall",
                    "depends_on": [],
                    "primary": {
                        "id": "consul-clients",
                        "attributes": {
                            "allow.#": "2",
                            "allow.2346770665.ports.#": "1",
                            "allow.2346770665.ports.0": "8301",
                            "allow.2346770665.protocol": "udp",
                            "allow.46543734.ports.#": "2",
                            "allow.46543734.ports.0": "8300-8301",
                            "allow.46543734.ports.1": "8500",
                            "allow.46543734.protocol": "tcp",
                            "deny.#": "0",
                            "description": "",
                            "destination_ranges.#": "0",
                            "direction": "INGRESS",
                            "disabled": "false",
                            "id": "consul-clients",
                            "name": "consul-clients",
                            "network": "https://www.googleapis.com/compute/v1/projects/courseur-staging/global/networks/nomad",
                            "priority": "1000",
                            "project": "courseur-staging",
                            "self_link": "https://www.googleapis.com/compute/v1/projects/courseur-staging/global/firewalls/consul-clients",
                            "source_ranges.#": "0",
                            "source_service_accounts.#": "0",
                            "source_tags.#": "5",
                            "source_tags.1225654764": "traefik",
                            "source_tags.2986459843": "consul-traefik",
                            "source_tags.3028629208": "consul-servers",
                            "source_tags.4224183643": "consul-clients",
                            "source_tags.516598459": "consul-cluster",
                            "target_service_accounts.#": "0",
                            "target_tags.#": "1",
                            "target_tags.4224183643": "consul-clients"
                        },
                        "meta": {
                            "schema_version": "1"
                        },
                        "tainted": false
                    },
                    "deposed": [],
                    "provider": "provider.google"
                },
                "google_compute_firewall.consul-servers": {
                    "type": "google_compute_firewall",
                    "depends_on": [],
                    "primary": {
                        "id": "consul-servers",
                        "attributes": {
                            "allow.#": "2",
                            "allow.3137850167.ports.#": "1",
                            "allow.3137850167.ports.0": "8301-8302",
                            "allow.3137850167.protocol": "udp",
                            "allow.858663403.ports.#": "2",
                            "allow.858663403.ports.0": "8300-8302",
                            "allow.858663403.ports.1": "8500",
                            "allow.858663403.protocol": "tcp",
                            "deny.#": "0",
                            "description": "",
                            "destination_ranges.#": "0",
                            "direction": "INGRESS",
                            "disabled": "false",
                            "id": "consul-servers",
                            "name": "consul-servers",
                            "network": "https://www.googleapis.com/compute/v1/projects/courseur-staging/global/networks/nomad",
                            "priority": "1000",
                            "project": "courseur-staging",
                            "self_link": "https://www.googleapis.com/compute/v1/projects/courseur-staging/global/firewalls/consul-servers",
                            "source_ranges.#": "1",
                            "source_ranges.1080289494": "0.0.0.0/0",
                            "source_service_accounts.#": "0",
                            "source_tags.#": "0",
                            "target_service_accounts.#": "0",
                            "target_tags.#": "2",
                            "target_tags.3028629208": "consul-servers",
                            "target_tags.516598459": "consul-cluster"
                        },
                        "meta": {
                            "schema_version": "1"
                        },
                        "tainted": false
                    },
                    "deposed": [],
                    "provider": "provider.google"
                },
                "google_compute_firewall.consul-traefik": {
                    "type": "google_compute_firewall",
                    "depends_on": [],
                    "primary": {
                        "id": "consul-traefik",
                        "attributes": {
                            "allow.#": "2",
                            "allow.2346770665.ports.#": "1",
                            "allow.2346770665.ports.0": "8301",
                            "allow.2346770665.protocol": "udp",
                            "allow.46543734.ports.#": "2",
                            "allow.46543734.ports.0": "8300-8301",
                            "allow.46543734.ports.1": "8500",
                            "allow.46543734.protocol": "tcp",
                            "deny.#": "0",
                            "description": "",
                            "destination_ranges.#": "0",
                            "direction": "INGRESS",
                            "disabled": "false",
                            "id": "consul-traefik",
                            "name": "consul-traefik",
                            "network": "https://www.googleapis.com/compute/v1/projects/courseur-staging/global/networks/nomad",
                            "priority": "1000",
                            "project": "courseur-staging",
                            "self_link": "https://www.googleapis.com/compute/v1/projects/courseur-staging/global/firewalls/consul-traefik",
                            "source_ranges.#": "0",
                            "source_service_accounts.#": "0",
                            "source_tags.#": "5",
                            "source_tags.1225654764": "traefik",
                            "source_tags.2986459843": "consul-traefik",
                            "source_tags.3028629208": "consul-servers",
                            "source_tags.4224183643": "consul-clients",
                            "source_tags.516598459": "consul-cluster",
                            "target_service_accounts.#": "0",
                            "target_tags.#": "2",
                            "target_tags.1225654764": "traefik",
                            "target_tags.2986459843": "consul-traefik"
                        },
                        "meta": {
                            "schema_version": "1"
                        },
                        "tainted": false
                    },
                    "deposed": [],
                    "provider": "provider.google"
                },
                "google_compute_firewall.dns": {
                    "type": "google_compute_firewall",
                    "depends_on": [],
                    "primary": {
                        "id": "dns",
                        "attributes": {
                            "allow.#": "2",
                            "allow.2294801580.ports.#": "1",
                            "allow.2294801580.ports.0": "53",
                            "allow.2294801580.protocol": "udp",
                            "allow.867557280.ports.#": "1",
                            "allow.867557280.ports.0": "53",
                            "allow.867557280.protocol": "tcp",
                            "deny.#": "0",
                            "description": "",
                            "destination_ranges.#": "0",
                            "direction": "INGRESS",
                            "disabled": "false",
                            "id": "dns",
                            "name": "dns",
                            "network": "https://www.googleapis.com/compute/v1/projects/courseur-staging/global/networks/nomad",
                            "priority": "1000",
                            "project": "courseur-staging",
                            "self_link": "https://www.googleapis.com/compute/v1/projects/courseur-staging/global/firewalls/dns",
                            "source_ranges.#": "1",
                            "source_ranges.1080289494": "0.0.0.0/0",
                            "source_service_accounts.#": "0",
                            "source_tags.#": "0",
                            "target_service_accounts.#": "0",
                            "target_tags.#": "0"
                        },
                        "meta": {
                            "schema_version": "1"
                        },
                        "tainted": false
                    },
                    "deposed": [],
                    "provider": "provider.google"
                },
                "google_compute_firewall.traefik": {
                    "type": "google_compute_firewall",
                    "depends_on": [],
                    "primary": {
                        "id": "traefik",
                        "attributes": {
                            "allow.#": "1",
                            "allow.1250112605.ports.#": "2",
                            "allow.1250112605.ports.0": "80",
                            "allow.1250112605.ports.1": "443",
                            "allow.1250112605.protocol": "tcp",
                            "deny.#": "0",
                            "description": "",
                            "destination_ranges.#": "0",
                            "direction": "INGRESS",
                            "disabled": "false",
                            "id": "traefik",
                            "name": "traefik",
                            "network": "https://www.googleapis.com/compute/v1/projects/courseur-staging/global/networks/nomad",
                            "priority": "1000",
                            "project": "courseur-staging",
                            "self_link": "https://www.googleapis.com/compute/v1/projects/courseur-staging/global/firewalls/traefik",
                            "source_ranges.#": "1",
                            "source_ranges.1080289494": "0.0.0.0/0",
                            "source_service_accounts.#": "0",
                            "source_tags.#": "0",
                            "target_service_accounts.#": "0",
                            "target_tags.#": "1",
                            "target_tags.1225654764": "traefik"
                        },
                        "meta": {
                            "schema_version": "1"
                        },
                        "tainted": false
                    },
                    "deposed": [],
                    "provider": "provider.google"
                },
                "google_compute_firewall.traefik-adm": {
                    "type": "google_compute_firewall",
                    "depends_on": [],
                    "primary": {
                        "id": "traefik-adm",
                        "attributes": {
                            "allow.#": "1",
                            "allow.2481140388.ports.#": "1",
                            "allow.2481140388.ports.0": "8080",
                            "allow.2481140388.protocol": "tcp",
                            "deny.#": "0",
                            "description": "",
                            "destination_ranges.#": "0",
                            "direction": "INGRESS",
                            "disabled": "false",
                            "id": "traefik-adm",
                            "name": "traefik-adm",
                            "network": "https://www.googleapis.com/compute/v1/projects/courseur-staging/global/networks/nomad",
                            "priority": "1000",
                            "project": "courseur-staging",
                            "self_link": "https://www.googleapis.com/compute/v1/projects/courseur-staging/global/firewalls/traefik-adm",
                            "source_ranges.#": "0",
                            "source_service_accounts.#": "0",
                            "source_tags.#": "1",
                            "source_tags.397096961": "bastion",
                            "target_service_accounts.#": "0",
                            "target_tags.#": "1",
                            "target_tags.1225654764": "traefik"
                        },
                        "meta": {
                            "schema_version": "1"
                        },
                        "tainted": false
                    },
                    "deposed": [],
                    "provider": "provider.google"
                }
            },
            "depends_on": []
        }
    ]
}
