{
    "version": 3,
    "terraform_version": "0.11.7",
    "serial": 6,
    "lineage": "8c0050c8-c6c3-2543-29de-7bae43d21268",
    "modules": [
        {
            "path": [
                "root"
            ],
            "outputs": {},
            "resources": {
                "google_sql_database.lm": {
                    "type": "google_sql_database",
                    "depends_on": [
                        "google_sql_database_instance.staging"
                    ],
                    "primary": {
                        "id": "staging-mysql:lm",
                        "attributes": {
                            "charset": "latin1",
                            "collation": "latin1_swedish_ci",
                            "id": "staging-mysql:lm",
                            "instance": "staging-mysql",
                            "name": "lm",
                            "project": "courseur-staging",
                            "self_link": "https://www.googleapis.com/sql/v1beta4/projects/courseur-staging/instances/staging-mysql/databases/lm"
                        },
                        "meta": {
                            "e2bfb730-ecaa-11e6-8f88-34363bc7c4c0": {
                                "create": 900000000000,
                                "delete": 600000000000,
                                "update": 600000000000
                            }
                        },
                        "tainted": false
                    },
                    "deposed": [],
                    "provider": "provider.google"
                },
                "google_sql_database.lp": {
                    "type": "google_sql_database",
                    "depends_on": [
                        "google_sql_database_instance.staging"
                    ],
                    "primary": {
                        "id": "staging-mysql:lm",
                        "attributes": {
                            "charset": "latin1",
                            "collation": "latin1_swedish_ci",
                            "id": "staging-mysql:lm",
                            "instance": "staging-mysql",
                            "name": "lm"
                        },
                        "meta": {
                            "e2bfb730-ecaa-11e6-8f88-34363bc7c4c0": {
                                "create": 900000000000,
                                "delete": 600000000000,
                                "update": 600000000000
                            }
                        },
                        "tainted": false
                    },
                    "deposed": [],
                    "provider": "provider.google"
                },
                "google_sql_database.metro": {
                    "type": "google_sql_database",
                    "depends_on": [
                        "google_sql_database_instance.staging"
                    ],
                    "primary": {
                        "id": "staging-mysql:metro",
                        "attributes": {
                            "charset": "latin1",
                            "collation": "latin1_swedish_ci",
                            "id": "staging-mysql:metro",
                            "instance": "staging-mysql",
                            "name": "metro",
                            "project": "courseur-staging",
                            "self_link": "https://www.googleapis.com/sql/v1beta4/projects/courseur-staging/instances/staging-mysql/databases/metro"
                        },
                        "meta": {
                            "e2bfb730-ecaa-11e6-8f88-34363bc7c4c0": {
                                "create": 900000000000,
                                "delete": 600000000000,
                                "update": 600000000000
                            }
                        },
                        "tainted": false
                    },
                    "deposed": [],
                    "provider": "provider.google"
                },
                "google_sql_database_instance.staging": {
                    "type": "google_sql_database_instance",
                    "depends_on": [],
                    "primary": {
                        "id": "staging-mysql",
                        "attributes": {
                            "connection_name": "courseur-staging:europe-west2:staging-mysql",
                            "database_version": "MYSQL_5_6",
                            "first_ip_address": "35.189.80.143",
                            "id": "staging-mysql",
                            "ip_address.#": "1",
                            "ip_address.0.ip_address": "35.189.80.143",
                            "ip_address.0.time_to_retire": "",
                            "master_instance_name": "",
                            "name": "staging-mysql",
                            "project": "courseur-staging",
                            "region": "europe-west2",
                            "replica_configuration.#": "0",
                            "self_link": "https://www.googleapis.com/sql/v1beta4/projects/courseur-staging/instances/staging-mysql",
                            "server_ca_cert.#": "1",
                            "server_ca_cert.0.cert": "-----BEGIN CERTIFICATE-----\nMIIDITCCAgmgAwIBAgIBADANBgkqhkiG9w0BAQsFADBIMSMwIQYDVQQDExpHb29n\nbGUgQ2xvdWQgU1FMIFNlcnZlciBDQTEUMBIGA1UEChMLR29vZ2xlLCBJbmMxCzAJ\nBgNVBAYTAlVTMB4XDTE4MDYxOTEzMzIyNFoXDTI4MDYxNjEzMzMyNFowSDEjMCEG\nA1UEAxMaR29vZ2xlIENsb3VkIFNRTCBTZXJ2ZXIgQ0ExFDASBgNVBAoTC0dvb2ds\nZSwgSW5jMQswCQYDVQQGEwJVUzCCASIwDQYJKoZIhvcNAQEBBQADggEPADCCAQoC\nggEBAK6AgByx+MDaVTMHO+eUGj+CnH+y483iiEJgUhg+0qPlH+gYTSZrPgBK4WAP\ne8t/sPu0yp2CV+ZVeRTw34yl5cvlfglvGMqq3lUXf+UOcjiUFepkEfijzQqhGQUd\nG4cYb9JSzqchx4SgoXY0wZ0XDBzmBX7eY3/O9nRUvkFWt9PC9aujrJC6Zc2TeIKP\nvsDdnmwtnDSu7z/jZXIY2cRgL7Dumyz06cdhmNSuY415hqwnW8o5uNQFCnMUd5ax\nQW/T8YpIx6NL0NK4PX2dhwe9sckbLEEGwModwni4CH0yExCrRA8xTx/gMOy8JQzs\nsirHhf79JfGX19bmUhgcaQGezIECAwEAAaMWMBQwEgYDVR0TAQH/BAgwBgEB/wIB\nADANBgkqhkiG9w0BAQsFAAOCAQEAdwVjz25wuENSzKK/2h+hDwNV2V6UlG7ivrH9\nwfGsgGzGZNKHNLPH6l65CxFVfMwCuyV03ZKl5IlasZyT3+d2qCIJlJ80a3/QpRVx\nydxi/utHns6rjrd8nNY4DN/wNl/wFGFzYbcX/HOVF7XBINHI1G6SwEoYCfh9cn+c\nNTizFhctTkbGs2Ck6ATH7UcDTXhja+zgJJ5SC+fAiAwclvbalxsIHROQEMRpx0PV\nSwTTlIQmz8r5GDuxjZDrbTTfskPEYtbpCtrWaVAGLwmcYcyF5XCLO8+77/mgMA5U\nbf06uzrup3PvnnpxNlNqwjWUm9YNafjSxTWxh1eWGmeQdYnL6A==\n-----END CERTIFICATE-----",
                            "server_ca_cert.0.common_name": "C=US,O=Google\\, Inc,CN=Google Cloud SQL Server CA",
                            "server_ca_cert.0.create_time": "2018-06-19T13:32:24.062Z",
                            "server_ca_cert.0.expiration_time": "2028-06-16T13:33:24.062Z",
                            "server_ca_cert.0.sha1_fingerprint": "1a70ba49ea377fdf57475b91fc0ccbf2bff30410",
                            "settings.#": "1",
                            "settings.0.activation_policy": "ALWAYS",
                            "settings.0.authorized_gae_applications.#": "0",
                            "settings.0.availability_type": "",
                            "settings.0.backup_configuration.#": "1",
                            "settings.0.backup_configuration.0.binary_log_enabled": "false",
                            "settings.0.backup_configuration.0.enabled": "false",
                            "settings.0.backup_configuration.0.start_time": "12:00",
                            "settings.0.crash_safe_replication": "false",
                            "settings.0.database_flags.#": "0",
                            "settings.0.disk_autoresize": "true",
                            "settings.0.disk_size": "10",
                            "settings.0.disk_type": "PD_SSD",
                            "settings.0.ip_configuration.#": "1",
                            "settings.0.ip_configuration.0.authorized_networks.#": "1",
                            "settings.0.ip_configuration.0.authorized_networks.2442166417.expiration_time": "",
                            "settings.0.ip_configuration.0.authorized_networks.2442166417.name": "pixelis",
                            "settings.0.ip_configuration.0.authorized_networks.2442166417.value": "217.111.194.0/24",
                            "settings.0.ip_configuration.0.ipv4_enabled": "true",
                            "settings.0.ip_configuration.0.require_ssl": "false",
                            "settings.0.location_preference.#": "0",
                            "settings.0.maintenance_window.#": "0",
                            "settings.0.pricing_plan": "PER_USE",
                            "settings.0.replication_type": "SYNCHRONOUS",
                            "settings.0.tier": "db-f1-micro",
                            "settings.0.user_labels.%": "0",
                            "settings.0.version": "11"
                        },
                        "meta": {
                            "e2bfb730-ecaa-11e6-8f88-34363bc7c4c0": {
                                "create": 600000000000,
                                "delete": 600000000000,
                                "update": 600000000000
                            }
                        },
                        "tainted": false
                    },
                    "deposed": [],
                    "provider": "provider.google"
                },
                "google_sql_user.users": {
                    "type": "google_sql_user",
                    "depends_on": [
                        "google_sql_database_instance.staging"
                    ],
                    "primary": {
                        "id": "courseur/%/staging-mysql",
                        "attributes": {
                            "host": "%",
                            "id": "courseur/%/staging-mysql",
                            "instance": "staging-mysql",
                            "name": "courseur",
                            "project": "courseur-staging"
                        },
                        "meta": {
                            "schema_version": "1"
                        },
                        "tainted": false
                    },
                    "deposed": [],
                    "provider": "provider.google"
                }
            },
            "depends_on": []
        }
    ]
}
