{
    "version": 3,
    "terraform_version": "0.11.7",
    "serial": 11,
    "lineage": "45ceceda-91df-714a-53d0-fadea23e901f",
    "modules": [
        {
            "path": [
                "root"
            ],
            "outputs": {},
            "resources": {
                "data.template_file.gcp_bootstrap": {
                    "type": "template_file",
                    "depends_on": [],
                    "primary": {
                        "id": "084d90b5bedc87680a9c4766d4835aaf866cdf8766969bfd1799b2d01bfff026",
                        "attributes": {
                            "id": "084d90b5bedc87680a9c4766d4835aaf866cdf8766969bfd1799b2d01bfff026",
                            "rendered": "#!/bin/bash\necho \"net.ipv4.ip_forward=1\" | sudo tee -a /etc/sysctl.conf \u003e /dev/null\nsudo sysctl -p\nfirewall-cmd --add-masquerade\nfirewall-cmd --add-masquerade --permanent\n\nmkdir ~/.ssh\ncat \u003e ~/.ssh/id_rsa \u003c\u003cEOF\n-----BEGIN RSA PRIVATE KEY-----\nMIIEogIBAAKCAQEAzgYpVpwzOSe+21HpvT9w3Rb1sV58cnbzsipgUlm5Pz9+Mhbh\n65MXGmQArEg7SCMGa2HOPxdV4q7JF6RHAEgl5AsuMTRti3btzYy3HAy+k1+VR0EN\nWHCotFULSx8vUWD2iq2aDIC/FxBUDPUWecLesNuZ4ElHYzV6unWwgEWh6/SOeeR8\nDr1EXWHT8wVTEKH0AEUnoOMatJBxhaAAcsFoB3UgUE1h8NQBYRbrmVvw6b7rMLEf\nx3WssCAqveaZ9+l5QUL6crTpvh2kKblCJnTvWpjNBcLWUsVq0RMUZ7QyHTHueQZW\nyGCZaY5wirITQxc9LOxSiq1UslRSupUl7eMssQIDAQABAoIBAEF4H8bQGE7/XF0h\nqJ9k+56mXykgF3fgaQyi/rzsmjuJF7cfImfT9DGEudoFkiEYUD/rcrkF11sTo/+J\nSq7CPpg7HVCxkmYRQvxgzQdy3VTDuRJNj8oc8t9rbw1OOaEoqO/kvuFeQFs56xu6\n/otu64lUH4/weWkDY57BK3d3qT7rhCc7ENAQQt/5udfBUJc1uMLD27RGaddGqBbZ\nQhK+TnhpSK47fNHe/J2jUCXcanT+U9JQ//vqbtFs8rezTybuziTjIj9rMWsvmLCy\n08nBJKX4nd1KGuVRpVtCJP67OwVIjxU94KMZqUqs+pDg7CuIembqK9VinAeMmjXh\n9GMaYskCgYEA6dSUgG5q5MqvOB+ETpMPX9fj7F63MgGupVIn6EymEifcCtJuRZS0\njX7B1cSmGW+hS2tgbc7SBCfAmIHM7ZNSWYRsG4X52Zxcs+l4v4GV8Af7OmWVqvA5\n9JMq/rewp4hVXxUiUUEZnxQOIE4y2R+ZuMScJxkJDg6vKYohWfagc+MCgYEA4Y6t\n+DHys/HVOeMmcYRapiXQveAHM+HoBn9SH9G6QqOwLhtb1yMpn+6gJRVit5LKAG4B\nSHedKLG6QyNRkYTYjhoZCeqfkSwKytRbGt10GSwNHYe3EAE1HL4Y24i5i2k6ndLn\nOBZIU0CmbdA7ghFWv33qgMITxkfjMODYXobNCVsCgYAMUBhdxvK0B4RAhVBXPuEx\nX9HtsXMeG/6RUAkv71FTZWvt2fTajyEOzlzwn8FLV5h7uzTBs4FVnK5EmZkr7XUJ\np7J1pJFqhxROmP21v+IgWJs/EPhXnvy+Rz2dWhjgSYqNTjSXaMEroke4JcYBrutO\nUnQSjvvuFJHesxpcfWMnlwKBgDgfm3QdYYmay/aKab9nMnMTB7ynKMOlG2m6doHK\nWrFIL4dZcWG3sxzDcH+psZWB5ddzh8gzUxyUFIeuGxa9WnEJV1+bTLb/oXPUoRKv\nNbsptd26LjfCRSfwuRivDZP9zAMHPlc7XCWy+XZrkNMNY2tkdlwxbmAw9PvthokG\nu6/vAoGAaMP4D4lwMvByvYeH/sOphzg94fncFCPLlXFNGHs8r+UYinewnOo1UzFy\nR9Qd0gqr1U1IFSqPosPaqqKNyUj/+k2ywy+JU3N0mq+1B8XwyUXrCixPGR+SthQy\nMJPxR6j73WEWhG3cOi2bNmvnmGoEedF3Tf5Kasu0gR67CrsdyAg=\n-----END RSA PRIVATE KEY-----\n\nEOF\nchmod 700 ~/.ssh\nchmod 600 ~/.ssh/id_rsa\n",
                            "template": "#!/bin/bash\necho \"net.ipv4.ip_forward=1\" | sudo tee -a /etc/sysctl.conf \u003e /dev/null\nsudo sysctl -p\nfirewall-cmd --add-masquerade\nfirewall-cmd --add-masquerade --permanent\n\nmkdir ~/.ssh\ncat \u003e ~/.ssh/id_rsa \u003c\u003cEOF\n${private_key}\nEOF\nchmod 700 ~/.ssh\nchmod 600 ~/.ssh/id_rsa\n",
                            "vars.%": "1",
                            "vars.private_key": "-----BEGIN RSA PRIVATE KEY-----\nMIIEogIBAAKCAQEAzgYpVpwzOSe+21HpvT9w3Rb1sV58cnbzsipgUlm5Pz9+Mhbh\n65MXGmQArEg7SCMGa2HOPxdV4q7JF6RHAEgl5AsuMTRti3btzYy3HAy+k1+VR0EN\nWHCotFULSx8vUWD2iq2aDIC/FxBUDPUWecLesNuZ4ElHYzV6unWwgEWh6/SOeeR8\nDr1EXWHT8wVTEKH0AEUnoOMatJBxhaAAcsFoB3UgUE1h8NQBYRbrmVvw6b7rMLEf\nx3WssCAqveaZ9+l5QUL6crTpvh2kKblCJnTvWpjNBcLWUsVq0RMUZ7QyHTHueQZW\nyGCZaY5wirITQxc9LOxSiq1UslRSupUl7eMssQIDAQABAoIBAEF4H8bQGE7/XF0h\nqJ9k+56mXykgF3fgaQyi/rzsmjuJF7cfImfT9DGEudoFkiEYUD/rcrkF11sTo/+J\nSq7CPpg7HVCxkmYRQvxgzQdy3VTDuRJNj8oc8t9rbw1OOaEoqO/kvuFeQFs56xu6\n/otu64lUH4/weWkDY57BK3d3qT7rhCc7ENAQQt/5udfBUJc1uMLD27RGaddGqBbZ\nQhK+TnhpSK47fNHe/J2jUCXcanT+U9JQ//vqbtFs8rezTybuziTjIj9rMWsvmLCy\n08nBJKX4nd1KGuVRpVtCJP67OwVIjxU94KMZqUqs+pDg7CuIembqK9VinAeMmjXh\n9GMaYskCgYEA6dSUgG5q5MqvOB+ETpMPX9fj7F63MgGupVIn6EymEifcCtJuRZS0\njX7B1cSmGW+hS2tgbc7SBCfAmIHM7ZNSWYRsG4X52Zxcs+l4v4GV8Af7OmWVqvA5\n9JMq/rewp4hVXxUiUUEZnxQOIE4y2R+ZuMScJxkJDg6vKYohWfagc+MCgYEA4Y6t\n+DHys/HVOeMmcYRapiXQveAHM+HoBn9SH9G6QqOwLhtb1yMpn+6gJRVit5LKAG4B\nSHedKLG6QyNRkYTYjhoZCeqfkSwKytRbGt10GSwNHYe3EAE1HL4Y24i5i2k6ndLn\nOBZIU0CmbdA7ghFWv33qgMITxkfjMODYXobNCVsCgYAMUBhdxvK0B4RAhVBXPuEx\nX9HtsXMeG/6RUAkv71FTZWvt2fTajyEOzlzwn8FLV5h7uzTBs4FVnK5EmZkr7XUJ\np7J1pJFqhxROmP21v+IgWJs/EPhXnvy+Rz2dWhjgSYqNTjSXaMEroke4JcYBrutO\nUnQSjvvuFJHesxpcfWMnlwKBgDgfm3QdYYmay/aKab9nMnMTB7ynKMOlG2m6doHK\nWrFIL4dZcWG3sxzDcH+psZWB5ddzh8gzUxyUFIeuGxa9WnEJV1+bTLb/oXPUoRKv\nNbsptd26LjfCRSfwuRivDZP9zAMHPlc7XCWy+XZrkNMNY2tkdlwxbmAw9PvthokG\nu6/vAoGAaMP4D4lwMvByvYeH/sOphzg94fncFCPLlXFNGHs8r+UYinewnOo1UzFy\nR9Qd0gqr1U1IFSqPosPaqqKNyUj/+k2ywy+JU3N0mq+1B8XwyUXrCixPGR+SthQy\nMJPxR6j73WEWhG3cOi2bNmvnmGoEedF3Tf5Kasu0gR67CrsdyAg=\n-----END RSA PRIVATE KEY-----\n"
                        },
                        "meta": {},
                        "tainted": false
                    },
                    "deposed": [],
                    "provider": "provider.template"
                },
                "data.terraform_remote_state.bastion_ip": {
                    "type": "terraform_remote_state",
                    "depends_on": [],
                    "primary": {
                        "id": "2018-06-26 22:06:18.332323569 +0000 UTC",
                        "attributes": {
                            "backend": "local",
                            "bastion_ip": "104.155.34.230",
                            "config.%": "1",
                            "config.path": "../00-network/terraform.tfstate",
                            "environment": "default",
                            "id": "2018-06-26 22:06:18.332323569 +0000 UTC",
                            "traefik_ip": "35.195.197.109",
                            "workspace": "default"
                        },
                        "meta": {},
                        "tainted": false
                    },
                    "deposed": [],
                    "provider": "provider.terraform"
                },
                "google_compute_instance.bastion": {
                    "type": "google_compute_instance",
                    "depends_on": [
                        "data.template_file.gcp_bootstrap",
                        "data.terraform_remote_state.bastion_ip"
                    ],
                    "primary": {
                        "id": "bastion",
                        "attributes": {
                            "attached_disk.#": "0",
                            "boot_disk.#": "1",
                            "boot_disk.0.auto_delete": "true",
                            "boot_disk.0.device_name": "persistent-disk-0",
                            "boot_disk.0.disk_encryption_key_raw": "",
                            "boot_disk.0.disk_encryption_key_sha256": "",
                            "boot_disk.0.initialize_params.#": "1",
                            "boot_disk.0.initialize_params.0.image": "https://www.googleapis.com/compute/v1/projects/centos-cloud/global/images/centos-7-v20170426",
                            "boot_disk.0.initialize_params.0.size": "10",
                            "boot_disk.0.initialize_params.0.type": "pd-standard",
                            "boot_disk.0.source": "https://www.googleapis.com/compute/v1/projects/courseur-staging/zones/europe-west1-b/disks/bastion",
                            "can_ip_forward": "true",
                            "cpu_platform": "Intel Sandy Bridge",
                            "create_timeout": "4",
                            "deletion_protection": "false",
                            "guest_accelerator.#": "0",
                            "id": "bastion",
                            "instance_id": "8914727674797033391",
                            "label_fingerprint": "42WmSpB8rSM=",
                            "machine_type": "f1-micro",
                            "metadata.%": "0",
                            "metadata_fingerprint": "ats28hiQBJ8=",
                            "metadata_startup_script": "#!/bin/bash\necho \"net.ipv4.ip_forward=1\" | sudo tee -a /etc/sysctl.conf \u003e /dev/null\nsudo sysctl -p\nfirewall-cmd --add-masquerade\nfirewall-cmd --add-masquerade --permanent\n\nmkdir ~/.ssh\ncat \u003e ~/.ssh/id_rsa \u003c\u003cEOF\n-----BEGIN RSA PRIVATE KEY-----\nMIIEogIBAAKCAQEAzgYpVpwzOSe+21HpvT9w3Rb1sV58cnbzsipgUlm5Pz9+Mhbh\n65MXGmQArEg7SCMGa2HOPxdV4q7JF6RHAEgl5AsuMTRti3btzYy3HAy+k1+VR0EN\nWHCotFULSx8vUWD2iq2aDIC/FxBUDPUWecLesNuZ4ElHYzV6unWwgEWh6/SOeeR8\nDr1EXWHT8wVTEKH0AEUnoOMatJBxhaAAcsFoB3UgUE1h8NQBYRbrmVvw6b7rMLEf\nx3WssCAqveaZ9+l5QUL6crTpvh2kKblCJnTvWpjNBcLWUsVq0RMUZ7QyHTHueQZW\nyGCZaY5wirITQxc9LOxSiq1UslRSupUl7eMssQIDAQABAoIBAEF4H8bQGE7/XF0h\nqJ9k+56mXykgF3fgaQyi/rzsmjuJF7cfImfT9DGEudoFkiEYUD/rcrkF11sTo/+J\nSq7CPpg7HVCxkmYRQvxgzQdy3VTDuRJNj8oc8t9rbw1OOaEoqO/kvuFeQFs56xu6\n/otu64lUH4/weWkDY57BK3d3qT7rhCc7ENAQQt/5udfBUJc1uMLD27RGaddGqBbZ\nQhK+TnhpSK47fNHe/J2jUCXcanT+U9JQ//vqbtFs8rezTybuziTjIj9rMWsvmLCy\n08nBJKX4nd1KGuVRpVtCJP67OwVIjxU94KMZqUqs+pDg7CuIembqK9VinAeMmjXh\n9GMaYskCgYEA6dSUgG5q5MqvOB+ETpMPX9fj7F63MgGupVIn6EymEifcCtJuRZS0\njX7B1cSmGW+hS2tgbc7SBCfAmIHM7ZNSWYRsG4X52Zxcs+l4v4GV8Af7OmWVqvA5\n9JMq/rewp4hVXxUiUUEZnxQOIE4y2R+ZuMScJxkJDg6vKYohWfagc+MCgYEA4Y6t\n+DHys/HVOeMmcYRapiXQveAHM+HoBn9SH9G6QqOwLhtb1yMpn+6gJRVit5LKAG4B\nSHedKLG6QyNRkYTYjhoZCeqfkSwKytRbGt10GSwNHYe3EAE1HL4Y24i5i2k6ndLn\nOBZIU0CmbdA7ghFWv33qgMITxkfjMODYXobNCVsCgYAMUBhdxvK0B4RAhVBXPuEx\nX9HtsXMeG/6RUAkv71FTZWvt2fTajyEOzlzwn8FLV5h7uzTBs4FVnK5EmZkr7XUJ\np7J1pJFqhxROmP21v+IgWJs/EPhXnvy+Rz2dWhjgSYqNTjSXaMEroke4JcYBrutO\nUnQSjvvuFJHesxpcfWMnlwKBgDgfm3QdYYmay/aKab9nMnMTB7ynKMOlG2m6doHK\nWrFIL4dZcWG3sxzDcH+psZWB5ddzh8gzUxyUFIeuGxa9WnEJV1+bTLb/oXPUoRKv\nNbsptd26LjfCRSfwuRivDZP9zAMHPlc7XCWy+XZrkNMNY2tkdlwxbmAw9PvthokG\nu6/vAoGAaMP4D4lwMvByvYeH/sOphzg94fncFCPLlXFNGHs8r+UYinewnOo1UzFy\nR9Qd0gqr1U1IFSqPosPaqqKNyUj/+k2ywy+JU3N0mq+1B8XwyUXrCixPGR+SthQy\nMJPxR6j73WEWhG3cOi2bNmvnmGoEedF3Tf5Kasu0gR67CrsdyAg=\n-----END RSA PRIVATE KEY-----\n\nEOF\nchmod 700 ~/.ssh\nchmod 600 ~/.ssh/id_rsa\n",
                            "min_cpu_platform": "",
                            "name": "bastion",
                            "network_interface.#": "1",
                            "network_interface.0.access_config.#": "1",
                            "network_interface.0.access_config.0.assigned_nat_ip": "104.155.34.230",
                            "network_interface.0.access_config.0.nat_ip": "104.155.34.230",
                            "network_interface.0.access_config.0.network_tier": "PREMIUM",
                            "network_interface.0.access_config.0.public_ptr_domain_name": "",
                            "network_interface.0.address": "172.27.3.134",
                            "network_interface.0.alias_ip_range.#": "0",
                            "network_interface.0.name": "nic0",
                            "network_interface.0.network": "https://www.googleapis.com/compute/beta/projects/courseur-staging/global/networks/nomad",
                            "network_interface.0.network_ip": "172.27.3.134",
                            "network_interface.0.subnetwork": "https://www.googleapis.com/compute/beta/projects/courseur-staging/regions/europe-west1/subnetworks/priv",
                            "network_interface.0.subnetwork_project": "courseur-staging",
                            "project": "courseur-staging",
                            "scheduling.#": "1",
                            "scheduling.0.automatic_restart": "true",
                            "scheduling.0.on_host_maintenance": "MIGRATE",
                            "scheduling.0.preemptible": "false",
                            "scratch_disk.#": "0",
                            "self_link": "https://www.googleapis.com/compute/v1/projects/courseur-staging/zones/europe-west1-b/instances/bastion",
                            "service_account.#": "0",
                            "tags.#": "1",
                            "tags.397096961": "bastion",
                            "tags_fingerprint": "NfTTNVh6sLU=",
                            "zone": "europe-west1-b"
                        },
                        "meta": {
                            "e2bfb730-ecaa-11e6-8f88-34363bc7c4c0": {
                                "create": 360000000000,
                                "delete": 360000000000,
                                "update": 360000000000
                            },
                            "schema_version": "6"
                        },
                        "tainted": false
                    },
                    "deposed": [],
                    "provider": "provider.google"
                },
                "google_compute_route.nat_routing": {
                    "type": "google_compute_route",
                    "depends_on": [
                        "google_compute_instance.bastion"
                    ],
                    "primary": {
                        "id": "nat-routing",
                        "attributes": {
                            "description": "",
                            "dest_range": "0.0.0.0/0",
                            "id": "nat-routing",
                            "name": "nat-routing",
                            "network": "https://www.googleapis.com/compute/v1/projects/courseur-staging/global/networks/nomad",
                            "next_hop_gateway": "",
                            "next_hop_instance": "projects/courseur-staging/zones/europe-west1-b/instances/bastion",
                            "next_hop_instance_zone": "europe-west1-b",
                            "next_hop_ip": "",
                            "next_hop_network": "",
                            "next_hop_vpn_tunnel": "",
                            "priority": "800",
                            "project": "courseur-staging",
                            "self_link": "https://www.googleapis.com/compute/v1/projects/courseur-staging/global/routes/nat-routing",
                            "tags.#": "5",
                            "tags.3028629208": "consul-servers",
                            "tags.3050855106": "nomad-servers",
                            "tags.4204429633": "nomad-clients",
                            "tags.4224183643": "consul-clients",
                            "tags.516598459": "consul-cluster"
                        },
                        "meta": {},
                        "tainted": false
                    },
                    "deposed": [],
                    "provider": "provider.google"
                }
            },
            "depends_on": []
        }
    ]
}
