{
    "version": 3,
    "terraform_version": "0.11.7",
    "serial": 6,
    "lineage": "3a04c244-c42e-b1bd-6bb0-dce9dac0c723",
    "modules": [
        {
            "path": [
                "root"
            ],
            "outputs": {},
            "resources": {
                "data.template_file.bootstrap": {
                    "type": "template_file",
                    "depends_on": [],
                    "primary": {
                        "id": "30cddda7c920cb750397e867f93b203b0ac47bbe2860e957ba97e2fa1623ee3c",
                        "attributes": {
                            "id": "30cddda7c920cb750397e867f93b203b0ac47bbe2860e957ba97e2fa1623ee3c",
                            "rendered": "#!/bin/bash\n\nset -e\n\nexec \u003e \u003e(tee /var/log/startup-script.log|logger -t startup-script -s 2\u003e/dev/console) 2\u003e\u00261\n\n/opt/consul/bin/run-consul --client --cluster-tag-name \"consul-cluster\"\n\n/opt/traefik/bin/run-traefik --domain \"staging.cloud.courseur.com\"\n",
                            "template": "#!/bin/bash\n\nset -e\n\nexec \u003e \u003e(tee /var/log/startup-script.log|logger -t startup-script -s 2\u003e/dev/console) 2\u003e\u00261\n\n/opt/consul/bin/run-consul --client --cluster-tag-name \"${cluster_tag_name}\"\n\n/opt/traefik/bin/run-traefik --domain \"${domain}\"\n",
                            "vars.%": "2",
                            "vars.cluster_tag_name": "consul-cluster",
                            "vars.domain": "staging.cloud.courseur.com"
                        },
                        "meta": {},
                        "tainted": false
                    },
                    "deposed": [],
                    "provider": "provider.template"
                },
                "data.terraform_remote_state.traefik_ip": {
                    "type": "terraform_remote_state",
                    "depends_on": [],
                    "primary": {
                        "id": "2018-06-28 14:54:05.921809724 +0000 UTC",
                        "attributes": {
                            "backend": "local",
                            "bastion_ip": "104.155.34.230",
                            "config.%": "1",
                            "config.path": "../00-network/terraform.tfstate",
                            "environment": "default",
                            "id": "2018-06-28 14:54:05.921809724 +0000 UTC",
                            "traefik_ip": "35.227.235.209",
                            "workspace": "default"
                        },
                        "meta": {},
                        "tainted": false
                    },
                    "deposed": [],
                    "provider": "provider.terraform"
                }
            },
            "depends_on": []
        },
        {
            "path": [
                "root",
                "gce-lb-http"
            ],
            "outputs": {
                "backend_services": {
                    "sensitive": false,
                    "type": "list",
                    "value": [
                        "https://www.googleapis.com/compute/v1/projects/courseur-staging/global/backendServices/traefik-http-backend-0"
                    ]
                },
                "external_ip": {
                    "sensitive": false,
                    "type": "string",
                    "value": "35.227.235.209"
                }
            },
            "resources": {
                "google_compute_backend_service.default": {
                    "type": "google_compute_backend_service",
                    "depends_on": [
                        "google_compute_http_health_check.default.*"
                    ],
                    "primary": {
                        "id": "traefik-http-backend-0",
                        "attributes": {
                            "backend.#": "1",
                            "backend.3440601539.balancing_mode": "UTILIZATION",
                            "backend.3440601539.capacity_scaler": "1",
                            "backend.3440601539.description": "",
                            "backend.3440601539.group": "https://www.googleapis.com/compute/beta/projects/courseur-staging/zones/europe-west1-b/instanceGroups/traefik-group",
                            "backend.3440601539.max_connections": "0",
                            "backend.3440601539.max_connections_per_instance": "0",
                            "backend.3440601539.max_rate": "0",
                            "backend.3440601539.max_rate_per_instance": "0",
                            "backend.3440601539.max_utilization": "0.8",
                            "cdn_policy.#": "1",
                            "cdn_policy.0.cache_key_policy.#": "1",
                            "cdn_policy.0.cache_key_policy.0.include_host": "false",
                            "cdn_policy.0.cache_key_policy.0.include_protocol": "false",
                            "cdn_policy.0.cache_key_policy.0.include_query_string": "false",
                            "cdn_policy.0.cache_key_policy.0.query_string_blacklist.#": "0",
                            "cdn_policy.0.cache_key_policy.0.query_string_whitelist.#": "0",
                            "connection_draining_timeout_sec": "300",
                            "custom_request_headers.#": "0",
                            "description": "",
                            "enable_cdn": "false",
                            "fingerprint": "5UT5zp5V23Y=",
                            "health_checks.#": "1",
                            "health_checks.3116973602": "https://www.googleapis.com/compute/beta/projects/courseur-staging/global/httpHealthChecks/traefik-http-backend-0",
                            "iap.#": "0",
                            "id": "traefik-http-backend-0",
                            "name": "traefik-http-backend-0",
                            "port_name": "http",
                            "project": "courseur-staging",
                            "protocol": "HTTP",
                            "security_policy": "",
                            "self_link": "https://www.googleapis.com/compute/v1/projects/courseur-staging/global/backendServices/traefik-http-backend-0",
                            "session_affinity": "NONE",
                            "timeout_sec": "10"
                        },
                        "meta": {
                            "schema_version": "1"
                        },
                        "tainted": false
                    },
                    "deposed": [],
                    "provider": "provider.google"
                },
                "google_compute_firewall.default-hc": {
                    "type": "google_compute_firewall",
                    "depends_on": [],
                    "primary": {
                        "id": "traefik-http-hc-0",
                        "attributes": {
                            "allow.#": "1",
                            "allow.272637744.ports.#": "1",
                            "allow.272637744.ports.0": "80",
                            "allow.272637744.protocol": "tcp",
                            "deny.#": "0",
                            "description": "",
                            "destination_ranges.#": "0",
                            "direction": "INGRESS",
                            "disabled": "false",
                            "id": "traefik-http-hc-0",
                            "name": "traefik-http-hc-0",
                            "network": "https://www.googleapis.com/compute/v1/projects/courseur-staging/global/networks/default",
                            "priority": "1000",
                            "project": "courseur-staging",
                            "self_link": "https://www.googleapis.com/compute/v1/projects/courseur-staging/global/firewalls/traefik-http-hc-0",
                            "source_ranges.#": "4",
                            "source_ranges.1468324647": "209.85.204.0/22",
                            "source_ranges.1567232126": "209.85.152.0/22",
                            "source_ranges.2192388802": "130.211.0.0/22",
                            "source_ranges.2394378644": "35.191.0.0/16",
                            "source_service_accounts.#": "0",
                            "source_tags.#": "0",
                            "target_service_accounts.#": "0",
                            "target_tags.#": "2",
                            "target_tags.1225654764": "traefik",
                            "target_tags.516598459": "consul-cluster"
                        },
                        "meta": {
                            "schema_version": "1"
                        },
                        "tainted": false
                    },
                    "deposed": [],
                    "provider": "provider.google"
                },
                "google_compute_global_forwarding_rule.http": {
                    "type": "google_compute_global_forwarding_rule",
                    "depends_on": [
                        "google_compute_target_http_proxy.default"
                    ],
                    "primary": {
                        "id": "traefik-http",
                        "attributes": {
                            "description": "",
                            "id": "traefik-http",
                            "ip_address": "35.227.235.209",
                            "ip_protocol": "TCP",
                            "ip_version": "",
                            "label_fingerprint": "42WmSpB8rSM=",
                            "labels.%": "0",
                            "name": "traefik-http",
                            "port_range": "80-80",
                            "project": "courseur-staging",
                            "self_link": "https://www.googleapis.com/compute/v1/projects/courseur-staging/global/forwardingRules/traefik-http",
                            "target": "https://www.googleapis.com/compute/beta/projects/courseur-staging/global/targetHttpProxies/traefik-http-http-proxy"
                        },
                        "meta": {},
                        "tainted": false
                    },
                    "deposed": [],
                    "provider": "provider.google"
                },
                "google_compute_http_health_check.default": {
                    "type": "google_compute_http_health_check",
                    "depends_on": [],
                    "primary": {
                        "id": "traefik-http-backend-0",
                        "attributes": {
                            "check_interval_sec": "5",
                            "creation_timestamp": "2018-06-28T07:55:30.113-07:00",
                            "description": "",
                            "healthy_threshold": "2",
                            "host": "",
                            "id": "traefik-http-backend-0",
                            "name": "traefik-http-backend-0",
                            "port": "80",
                            "project": "courseur-staging",
                            "request_path": "/ping",
                            "self_link": "https://www.googleapis.com/compute/v1/projects/courseur-staging/global/httpHealthChecks/traefik-http-backend-0",
                            "timeout_sec": "5",
                            "unhealthy_threshold": "2"
                        },
                        "meta": {
                            "e2bfb730-ecaa-11e6-8f88-34363bc7c4c0": {
                                "create": 240000000000,
                                "delete": 240000000000,
                                "update": 240000000000
                            }
                        },
                        "tainted": false
                    },
                    "deposed": [],
                    "provider": "provider.google"
                },
                "google_compute_target_http_proxy.default": {
                    "type": "google_compute_target_http_proxy",
                    "depends_on": [
                        "google_compute_url_map.default.*"
                    ],
                    "primary": {
                        "id": "traefik-http-http-proxy",
                        "attributes": {
                            "creation_timestamp": "2018-06-28T07:56:16.761-07:00",
                            "description": "",
                            "id": "traefik-http-http-proxy",
                            "name": "traefik-http-http-proxy",
                            "project": "courseur-staging",
                            "proxy_id": "1899409642054306303",
                            "self_link": "https://www.googleapis.com/compute/v1/projects/courseur-staging/global/targetHttpProxies/traefik-http-http-proxy",
                            "url_map": "https://www.googleapis.com/compute/v1/projects/courseur-staging/global/urlMaps/traefik-http-url-map"
                        },
                        "meta": {
                            "e2bfb730-ecaa-11e6-8f88-34363bc7c4c0": {
                                "create": 240000000000,
                                "delete": 240000000000,
                                "update": 240000000000
                            }
                        },
                        "tainted": false
                    },
                    "deposed": [],
                    "provider": "provider.google"
                },
                "google_compute_url_map.default": {
                    "type": "google_compute_url_map",
                    "depends_on": [
                        "google_compute_backend_service.default"
                    ],
                    "primary": {
                        "id": "traefik-http-url-map",
                        "attributes": {
                            "default_service": "https://www.googleapis.com/compute/v1/projects/courseur-staging/global/backendServices/traefik-http-backend-0",
                            "fingerprint": "U6Z5Oa-J_pA=",
                            "host_rule.#": "0",
                            "id": "traefik-http-url-map",
                            "map_id": "93041380558457322",
                            "name": "traefik-http-url-map",
                            "path_matcher.#": "0",
                            "project": "courseur-staging",
                            "self_link": "https://www.googleapis.com/compute/v1/projects/courseur-staging/global/urlMaps/traefik-http-url-map",
                            "test.#": "0"
                        },
                        "meta": {},
                        "tainted": false
                    },
                    "deposed": [],
                    "provider": "provider.google"
                }
            },
            "depends_on": []
        },
        {
            "path": [
                "root",
                "mig1"
            ],
            "outputs": {
                "depends_id": {
                    "sensitive": false,
                    "type": "string",
                    "value": "6746097648452601754"
                },
                "health_check": {
                    "sensitive": false,
                    "type": "string",
                    "value": "https://www.googleapis.com/compute/v1/projects/courseur-staging/global/healthChecks/traefik-group"
                },
                "instance_group": {
                    "sensitive": false,
                    "type": "string",
                    "value": "https://www.googleapis.com/compute/v1/projects/courseur-staging/zones/europe-west1-b/instanceGroups/traefik-group"
                },
                "instances": {
                    "sensitive": false,
                    "type": "list",
                    "value": [
                        []
                    ]
                },
                "name": {
                    "sensitive": false,
                    "type": "string",
                    "value": "traefik-group"
                },
                "network_ip": {
                    "sensitive": false,
                    "type": "string",
                    "value": ""
                },
                "region_depends_id": {
                    "sensitive": false,
                    "type": "string",
                    "value": ""
                },
                "region_instance_group": {
                    "sensitive": false,
                    "type": "string",
                    "value": ""
                },
                "service_port": {
                    "sensitive": false,
                    "type": "string",
                    "value": "80"
                },
                "service_port_name": {
                    "sensitive": false,
                    "type": "string",
                    "value": "http"
                },
                "target_tags": {
                    "sensitive": false,
                    "type": "list",
                    "value": [
                        "traefik",
                        "consul-cluster"
                    ]
                }
            },
            "resources": {
                "data.google_compute_instance_group.zonal": {
                    "type": "google_compute_instance_group",
                    "depends_on": [
                        "google_compute_instance_group_manager.default.*"
                    ],
                    "primary": {
                        "id": "europe-west1-b/traefik-group",
                        "attributes": {
                            "description": "This instance group is controlled by Instance Group Manager 'traefik-group'. To modify instances in this group, use the Instance Group Manager API: https://cloud.google.com/compute/docs/reference/latest/instanceGroupManagers",
                            "id": "europe-west1-b/traefik-group",
                            "instances.#": "0",
                            "name": "traefik-group",
                            "named_port.#": "1",
                            "named_port.0.name": "http",
                            "named_port.0.port": "80",
                            "network": "https://www.googleapis.com/compute/v1/projects/courseur-staging/global/networks/nomad",
                            "project": "courseur-staging",
                            "self_link": "https://www.googleapis.com/compute/v1/projects/courseur-staging/zones/europe-west1-b/instanceGroups/traefik-group",
                            "size": "0",
                            "zone": "europe-west1-b"
                        },
                        "meta": {},
                        "tainted": false
                    },
                    "deposed": [],
                    "provider": "provider.google"
                },
                "google_compute_firewall.default-ssh": {
                    "type": "google_compute_firewall",
                    "depends_on": [],
                    "primary": {
                        "id": "traefik-group-vm-ssh",
                        "attributes": {
                            "allow.#": "1",
                            "allow.803338340.ports.#": "1",
                            "allow.803338340.ports.0": "22",
                            "allow.803338340.protocol": "tcp",
                            "deny.#": "0",
                            "description": "",
                            "destination_ranges.#": "0",
                            "direction": "INGRESS",
                            "disabled": "false",
                            "id": "traefik-group-vm-ssh",
                            "name": "traefik-group-vm-ssh",
                            "network": "https://www.googleapis.com/compute/v1/projects/courseur-staging/global/networks/nomad",
                            "priority": "1000",
                            "project": "courseur-staging",
                            "self_link": "https://www.googleapis.com/compute/v1/projects/courseur-staging/global/firewalls/traefik-group-vm-ssh",
                            "source_ranges.#": "1",
                            "source_ranges.1080289494": "0.0.0.0/0",
                            "source_service_accounts.#": "0",
                            "source_tags.#": "0",
                            "target_service_accounts.#": "0",
                            "target_tags.#": "1",
                            "target_tags.2542268873": "allow-ssh"
                        },
                        "meta": {
                            "schema_version": "1"
                        },
                        "tainted": false
                    },
                    "deposed": [],
                    "provider": "provider.google"
                },
                "google_compute_firewall.mig-health-check": {
                    "type": "google_compute_firewall",
                    "depends_on": [],
                    "primary": {
                        "id": "traefik-group-vm-hc",
                        "attributes": {
                            "allow.#": "1",
                            "allow.272637744.ports.#": "1",
                            "allow.272637744.ports.0": "80",
                            "allow.272637744.protocol": "tcp",
                            "deny.#": "0",
                            "description": "",
                            "destination_ranges.#": "0",
                            "direction": "INGRESS",
                            "disabled": "false",
                            "id": "traefik-group-vm-hc",
                            "name": "traefik-group-vm-hc",
                            "network": "https://www.googleapis.com/compute/v1/projects/courseur-staging/global/networks/nomad",
                            "priority": "1000",
                            "project": "courseur-staging",
                            "self_link": "https://www.googleapis.com/compute/v1/projects/courseur-staging/global/firewalls/traefik-group-vm-hc",
                            "source_ranges.#": "2",
                            "source_ranges.2192388802": "130.211.0.0/22",
                            "source_ranges.2394378644": "35.191.0.0/16",
                            "source_service_accounts.#": "0",
                            "source_tags.#": "0",
                            "target_service_accounts.#": "0",
                            "target_tags.#": "2",
                            "target_tags.1225654764": "traefik",
                            "target_tags.516598459": "consul-cluster"
                        },
                        "meta": {
                            "schema_version": "1"
                        },
                        "tainted": false
                    },
                    "deposed": [],
                    "provider": "provider.google"
                },
                "google_compute_health_check.mig-health-check": {
                    "type": "google_compute_health_check",
                    "depends_on": [],
                    "primary": {
                        "id": "traefik-group",
                        "attributes": {
                            "check_interval_sec": "30",
                            "description": "",
                            "healthy_threshold": "1",
                            "http_health_check.#": "1",
                            "http_health_check.0.host": "",
                            "http_health_check.0.port": "80",
                            "http_health_check.0.proxy_header": "NONE",
                            "http_health_check.0.request_path": "/",
                            "https_health_check.#": "0",
                            "id": "traefik-group",
                            "name": "traefik-group",
                            "project": "courseur-staging",
                            "self_link": "https://www.googleapis.com/compute/v1/projects/courseur-staging/global/healthChecks/traefik-group",
                            "ssl_health_check.#": "0",
                            "tcp_health_check.#": "0",
                            "timeout_sec": "10",
                            "unhealthy_threshold": "10"
                        },
                        "meta": {},
                        "tainted": false
                    },
                    "deposed": [],
                    "provider": "provider.google"
                },
                "google_compute_instance_group_manager.default": {
                    "type": "google_compute_instance_group_manager",
                    "depends_on": [
                        "google_compute_health_check.mig-health-check.*",
                        "google_compute_instance_template.default"
                    ],
                    "primary": {
                        "id": "traefik-group",
                        "attributes": {
                            "auto_healing_policies.#": "1",
                            "auto_healing_policies.0.health_check": "https://www.googleapis.com/compute/beta/projects/courseur-staging/global/healthChecks/traefik-group",
                            "auto_healing_policies.0.initial_delay_sec": "300",
                            "base_instance_name": "traefik-group",
                            "description": "compute VM Instance Group",
                            "fingerprint": "gu1oml_dqS0=",
                            "id": "traefik-group",
                            "instance_group": "https://www.googleapis.com/compute/v1/projects/courseur-staging/zones/europe-west1-b/instanceGroups/traefik-group",
                            "instance_template": "https://www.googleapis.com/compute/v1/projects/courseur-staging/global/instanceTemplates/default-20180628145411318200000001",
                            "name": "traefik-group",
                            "named_port.#": "1",
                            "named_port.0.name": "http",
                            "named_port.0.port": "80",
                            "project": "courseur-staging",
                            "self_link": "https://www.googleapis.com/compute/v1/projects/courseur-staging/zones/europe-west1-b/instanceGroupManagers/traefik-group",
                            "target_pools.#": "0",
                            "target_size": "2",
                            "update_strategy": "RESTART",
                            "version.#": "1",
                            "version.0.instance_template": "https://www.googleapis.com/compute/v1/projects/courseur-staging/global/instanceTemplates/default-20180628145411318200000001",
                            "version.0.name": "",
                            "version.0.target_size.#": "0",
                            "wait_for_instances": "false",
                            "zone": "europe-west1-b"
                        },
                        "meta": {},
                        "tainted": false
                    },
                    "deposed": [],
                    "provider": "provider.google"
                },
                "google_compute_instance_template.default": {
                    "type": "google_compute_instance_template",
                    "depends_on": [],
                    "primary": {
                        "id": "default-20180628145411318200000001",
                        "attributes": {
                            "can_ip_forward": "false",
                            "description": "",
                            "disk.#": "1",
                            "disk.0.auto_delete": "true",
                            "disk.0.boot": "true",
                            "disk.0.device_name": "persistent-disk-0",
                            "disk.0.disk_name": "",
                            "disk.0.disk_size_gb": "0",
                            "disk.0.disk_type": "pd-ssd",
                            "disk.0.interface": "SCSI",
                            "disk.0.mode": "READ_WRITE",
                            "disk.0.source": "",
                            "disk.0.source_image": "hashistack-courseur-v5",
                            "disk.0.type": "PERSISTENT",
                            "id": "default-20180628145411318200000001",
                            "instance_description": "",
                            "machine_type": "n1-standard-1",
                            "metadata.%": "2",
                            "metadata.startup-script": "#!/bin/bash\n\nset -e\n\nexec \u003e \u003e(tee /var/log/startup-script.log|logger -t startup-script -s 2\u003e/dev/console) 2\u003e\u00261\n\n/opt/consul/bin/run-consul --client --cluster-tag-name \"consul-cluster\"\n\n/opt/traefik/bin/run-traefik --domain \"staging.cloud.courseur.com\"\n",
                            "metadata.tf_depends_id": "",
                            "metadata_fingerprint": "NQa9mrvKTDs=",
                            "min_cpu_platform": "",
                            "name": "default-20180628145411318200000001",
                            "name_prefix": "default-",
                            "network_interface.#": "1",
                            "network_interface.0.access_config.#": "1",
                            "network_interface.0.access_config.0.assigned_nat_ip": "",
                            "network_interface.0.access_config.0.nat_ip": "",
                            "network_interface.0.access_config.0.network_tier": "PREMIUM",
                            "network_interface.0.address": "",
                            "network_interface.0.alias_ip_range.#": "0",
                            "network_interface.0.network": "https://www.googleapis.com/compute/beta/projects/courseur-staging/global/networks/nomad",
                            "network_interface.0.network_ip": "",
                            "network_interface.0.subnetwork": "https://www.googleapis.com/compute/beta/projects/courseur-staging/regions/europe-west1/subnetworks/pub",
                            "network_interface.0.subnetwork_project": "courseur-staging",
                            "project": "courseur-staging",
                            "region": "europe-west1",
                            "scheduling.#": "1",
                            "scheduling.0.automatic_restart": "true",
                            "scheduling.0.on_host_maintenance": "MIGRATE",
                            "scheduling.0.preemptible": "false",
                            "self_link": "https://www.googleapis.com/compute/beta/projects/courseur-staging/global/instanceTemplates/default-20180628145411318200000001",
                            "service_account.#": "1",
                            "service_account.0.email": "default",
                            "service_account.0.scopes.#": "4",
                            "service_account.0.scopes.1693978638": "https://www.googleapis.com/auth/devstorage.full_control",
                            "service_account.0.scopes.172152165": "https://www.googleapis.com/auth/logging.write",
                            "service_account.0.scopes.299962681": "https://www.googleapis.com/auth/compute",
                            "service_account.0.scopes.4177124133": "https://www.googleapis.com/auth/monitoring.write",
                            "tags.#": "3",
                            "tags.1225654764": "traefik",
                            "tags.2542268873": "allow-ssh",
                            "tags.516598459": "consul-cluster",
                            "tags_fingerprint": ""
                        },
                        "meta": {
                            "schema_version": "1"
                        },
                        "tainted": false
                    },
                    "deposed": [],
                    "provider": "provider.google"
                },
                "null_resource.dummy_dependency": {
                    "type": "null_resource",
                    "depends_on": [
                        "google_compute_instance_group_manager.default"
                    ],
                    "primary": {
                        "id": "6746097648452601754",
                        "attributes": {
                            "id": "6746097648452601754"
                        },
                        "meta": {},
                        "tainted": false
                    },
                    "deposed": [],
                    "provider": "provider.null"
                }
            },
            "depends_on": []
        }
    ]
}
