{
    "version": 3,
    "terraform_version": "0.11.7",
    "serial": 13,
    "lineage": "683d77d2-1ac9-1b5a-54ad-e4ea9d3a540e",
    "modules": [
        {
            "path": [
                "root"
            ],
            "outputs": {},
            "resources": {
                "google_compute_firewall.bastion_nat": {
                    "type": "google_compute_firewall",
                    "depends_on": [
                        "google_compute_network.nomad"
                    ],
                    "primary": {
                        "id": "bastion-nat",
                        "attributes": {
                            "allow.#": "3",
                            "allow.1249999313.ports.#": "1",
                            "allow.1249999313.ports.0": "1-65535",
                            "allow.1249999313.protocol": "tcp",
                            "allow.1367131964.ports.#": "0",
                            "allow.1367131964.protocol": "icmp",
                            "allow.4162789437.ports.#": "1",
                            "allow.4162789437.ports.0": "1-65535",
                            "allow.4162789437.protocol": "udp",
                            "deny.#": "0",
                            "description": "",
                            "destination_ranges.#": "0",
                            "direction": "INGRESS",
                            "disabled": "false",
                            "id": "bastion-nat",
                            "name": "bastion-nat",
                            "network": "https://www.googleapis.com/compute/v1/projects/courseur-staging/global/networks/nomad",
                            "priority": "1000",
                            "project": "courseur-staging",
                            "self_link": "https://www.googleapis.com/compute/v1/projects/courseur-staging/global/firewalls/bastion-nat",
                            "source_ranges.#": "0",
                            "source_service_accounts.#": "0",
                            "source_tags.#": "5",
                            "source_tags.3028629208": "consul-servers",
                            "source_tags.3050855106": "nomad-servers",
                            "source_tags.4204429633": "nomad-clients",
                            "source_tags.4224183643": "consul-clients",
                            "source_tags.516598459": "consul-cluster",
                            "target_service_accounts.#": "0",
                            "target_tags.#": "1",
                            "target_tags.397096961": "bastion"
                        },
                        "meta": {
                            "schema_version": "1"
                        },
                        "tainted": false
                    },
                    "deposed": [],
                    "provider": "provider.google"
                },
                "google_compute_firewall.consul-clients": {
                    "type": "google_compute_firewall",
                    "depends_on": [
                        "google_compute_network.nomad"
                    ],
                    "primary": {
                        "id": "consul-clients",
                        "attributes": {
                            "allow.#": "2",
                            "allow.2346770665.ports.#": "1",
                            "allow.2346770665.ports.0": "8301",
                            "allow.2346770665.protocol": "udp",
                            "allow.46543734.ports.#": "2",
                            "allow.46543734.ports.0": "8300-8301",
                            "allow.46543734.ports.1": "8500",
                            "allow.46543734.protocol": "tcp",
                            "deny.#": "0",
                            "description": "",
                            "destination_ranges.#": "0",
                            "direction": "INGRESS",
                            "disabled": "false",
                            "id": "consul-clients",
                            "name": "consul-clients",
                            "network": "https://www.googleapis.com/compute/v1/projects/courseur-staging/global/networks/nomad",
                            "priority": "1000",
                            "project": "courseur-staging",
                            "self_link": "https://www.googleapis.com/compute/v1/projects/courseur-staging/global/firewalls/consul-clients",
                            "source_ranges.#": "0",
                            "source_service_accounts.#": "0",
                            "source_tags.#": "5",
                            "source_tags.1225654764": "traefik",
                            "source_tags.2986459843": "consul-traefik",
                            "source_tags.3028629208": "consul-servers",
                            "source_tags.4224183643": "consul-clients",
                            "source_tags.516598459": "consul-cluster",
                            "target_service_accounts.#": "0",
                            "target_tags.#": "2",
                            "target_tags.4224183643": "consul-clients",
                            "target_tags.516598459": "consul-cluster"
                        },
                        "meta": {
                            "schema_version": "1"
                        },
                        "tainted": false
                    },
                    "deposed": [],
                    "provider": "provider.google"
                },
                "google_compute_firewall.consul-traefik": {
                    "type": "google_compute_firewall",
                    "depends_on": [
                        "google_compute_network.nomad"
                    ],
                    "primary": {
                        "id": "consul-traefik",
                        "attributes": {
                            "allow.#": "2",
                            "allow.2346770665.ports.#": "1",
                            "allow.2346770665.ports.0": "8301",
                            "allow.2346770665.protocol": "udp",
                            "allow.46543734.ports.#": "2",
                            "allow.46543734.ports.0": "8300-8301",
                            "allow.46543734.ports.1": "8500",
                            "allow.46543734.protocol": "tcp",
                            "deny.#": "0",
                            "description": "",
                            "destination_ranges.#": "0",
                            "direction": "INGRESS",
                            "disabled": "false",
                            "id": "consul-traefik",
                            "name": "consul-traefik",
                            "network": "https://www.googleapis.com/compute/v1/projects/courseur-staging/global/networks/nomad",
                            "priority": "1000",
                            "project": "courseur-staging",
                            "self_link": "https://www.googleapis.com/compute/v1/projects/courseur-staging/global/firewalls/consul-traefik",
                            "source_ranges.#": "0",
                            "source_service_accounts.#": "0",
                            "source_tags.#": "5",
                            "source_tags.1225654764": "traefik",
                            "source_tags.2986459843": "consul-traefik",
                            "source_tags.3028629208": "consul-servers",
                            "source_tags.4224183643": "consul-clients",
                            "source_tags.516598459": "consul-cluster",
                            "target_service_accounts.#": "0",
                            "target_tags.#": "2",
                            "target_tags.1225654764": "traefik",
                            "target_tags.2986459843": "consul-traefik"
                        },
                        "meta": {
                            "schema_version": "1"
                        },
                        "tainted": false
                    },
                    "deposed": [],
                    "provider": "provider.google"
                },
                "google_compute_firewall.traefik": {
                    "type": "google_compute_firewall",
                    "depends_on": [
                        "google_compute_network.nomad"
                    ],
                    "primary": {
                        "id": "traefik",
                        "attributes": {
                            "allow.#": "1",
                            "allow.1250112605.ports.#": "2",
                            "allow.1250112605.ports.0": "80",
                            "allow.1250112605.ports.1": "443",
                            "allow.1250112605.protocol": "tcp",
                            "deny.#": "0",
                            "description": "",
                            "destination_ranges.#": "0",
                            "direction": "INGRESS",
                            "disabled": "false",
                            "id": "traefik",
                            "name": "traefik",
                            "network": "https://www.googleapis.com/compute/v1/projects/courseur-staging/global/networks/nomad",
                            "priority": "1000",
                            "project": "courseur-staging",
                            "self_link": "https://www.googleapis.com/compute/v1/projects/courseur-staging/global/firewalls/traefik",
                            "source_ranges.#": "1",
                            "source_ranges.1080289494": "0.0.0.0/0",
                            "source_service_accounts.#": "0",
                            "source_tags.#": "0",
                            "target_service_accounts.#": "0",
                            "target_tags.#": "1",
                            "target_tags.1225654764": "traefik"
                        },
                        "meta": {
                            "schema_version": "1"
                        },
                        "tainted": false
                    },
                    "deposed": [],
                    "provider": "provider.google"
                },
                "google_compute_firewall.traefik-adm": {
                    "type": "google_compute_firewall",
                    "depends_on": [
                        "google_compute_network.nomad"
                    ],
                    "primary": {
                        "id": "traefik-adm",
                        "attributes": {
                            "allow.#": "1",
                            "allow.2481140388.ports.#": "1",
                            "allow.2481140388.ports.0": "8080",
                            "allow.2481140388.protocol": "tcp",
                            "deny.#": "0",
                            "description": "",
                            "destination_ranges.#": "0",
                            "direction": "INGRESS",
                            "disabled": "false",
                            "id": "traefik-adm",
                            "name": "traefik-adm",
                            "network": "https://www.googleapis.com/compute/v1/projects/courseur-staging/global/networks/nomad",
                            "priority": "1000",
                            "project": "courseur-staging",
                            "self_link": "https://www.googleapis.com/compute/v1/projects/courseur-staging/global/firewalls/traefik-adm",
                            "source_ranges.#": "0",
                            "source_service_accounts.#": "0",
                            "source_tags.#": "1",
                            "source_tags.397096961": "bastion",
                            "target_service_accounts.#": "0",
                            "target_tags.#": "1",
                            "target_tags.1225654764": "traefik"
                        },
                        "meta": {
                            "schema_version": "1"
                        },
                        "tainted": false
                    },
                    "deposed": [],
                    "provider": "provider.google"
                },
                "google_compute_network.nomad": {
                    "type": "google_compute_network",
                    "depends_on": [],
                    "primary": {
                        "id": "nomad",
                        "attributes": {
                            "auto_create_subnetworks": "false",
                            "description": "",
                            "gateway_ipv4": "",
                            "id": "nomad",
                            "ipv4_range": "",
                            "name": "nomad",
                            "project": "courseur-staging",
                            "routing_mode": "REGIONAL",
                            "self_link": "https://www.googleapis.com/compute/v1/projects/courseur-staging/global/networks/nomad"
                        },
                        "meta": {},
                        "tainted": false
                    },
                    "deposed": [],
                    "provider": "provider.google"
                },
                "google_compute_subnetwork.priv": {
                    "type": "google_compute_subnetwork",
                    "depends_on": [
                        "google_compute_network.nomad"
                    ],
                    "primary": {
                        "id": "europe-west1/priv",
                        "attributes": {
                            "description": "",
                            "enable_flow_logs": "false",
                            "fingerprint": "pJWBN-2b4Aw=",
                            "gateway_address": "172.27.3.129",
                            "id": "europe-west1/priv",
                            "ip_cidr_range": "172.27.3.128/26",
                            "name": "priv",
                            "network": "https://www.googleapis.com/compute/beta/projects/courseur-staging/global/networks/nomad",
                            "private_ip_google_access": "false",
                            "project": "courseur-staging",
                            "region": "europe-west1",
                            "secondary_ip_range.#": "0",
                            "self_link": "https://www.googleapis.com/compute/v1/projects/courseur-staging/regions/europe-west1/subnetworks/priv"
                        },
                        "meta": {
                            "e2bfb730-ecaa-11e6-8f88-34363bc7c4c0": {
                                "create": 360000000000,
                                "delete": 360000000000,
                                "update": 360000000000
                            }
                        },
                        "tainted": false
                    },
                    "deposed": [],
                    "provider": "provider.google"
                },
                "google_compute_subnetwork.pub": {
                    "type": "google_compute_subnetwork",
                    "depends_on": [
                        "google_compute_network.nomad"
                    ],
                    "primary": {
                        "id": "europe-west1/pub",
                        "attributes": {
                            "description": "",
                            "enable_flow_logs": "false",
                            "fingerprint": "mnvAgsx96P8=",
                            "gateway_address": "172.27.3.1",
                            "id": "europe-west1/pub",
                            "ip_cidr_range": "172.27.3.0/26",
                            "name": "pub",
                            "network": "https://www.googleapis.com/compute/beta/projects/courseur-staging/global/networks/nomad",
                            "private_ip_google_access": "false",
                            "project": "courseur-staging",
                            "region": "europe-west1",
                            "secondary_ip_range.#": "0",
                            "self_link": "https://www.googleapis.com/compute/v1/projects/courseur-staging/regions/europe-west1/subnetworks/pub"
                        },
                        "meta": {
                            "e2bfb730-ecaa-11e6-8f88-34363bc7c4c0": {
                                "create": 360000000000,
                                "delete": 360000000000,
                                "update": 360000000000
                            }
                        },
                        "tainted": false
                    },
                    "deposed": [],
                    "provider": "provider.google"
                }
            },
            "depends_on": []
        }
    ]
}
